// !$*UTF8*$!
{
	archiveVersion = 1;
	classes = {
	};
	objectVersion = 46;
	objects = {

/* Begin PBXBuildFile section */
		385FB07818ED71F40034A238 /* Foundation.framework in Frameworks */ = {isa = PBXBuildFile; fileRef = 385FB07718ED71F40034A238 /* Foundation.framework */; };
		385FB07A18ED71F40034A238 /* CoreGraphics.framework in Frameworks */ = {isa = PBXBuildFile; fileRef = 385FB07918ED71F40034A238 /* CoreGraphics.framework */; };
		385FB07C18ED71F40034A238 /* UIKit.framework in Frameworks */ = {isa = PBXBuildFile; fileRef = 385FB07B18ED71F40034A238 /* UIKit.framework */; };
		385FB08218ED71F40034A238 /* InfoPlist.strings in Resources */ = {isa = PBXBuildFile; fileRef = 385FB08018ED71F40034A238 /* InfoPlist.strings */; };
		385FB08418ED71F40034A238 /* main.m in Sources */ = {isa = PBXBuildFile; fileRef = 385FB08318ED71F40034A238 /* main.m */; };
		385FB08818ED71F40034A238 /* AppDelegate.m in Sources */ = {isa = PBXBuildFile; fileRef = 385FB08718ED71F40034A238 /* AppDelegate.m */; };
		385FB08B18ED71F40034A238 /* Main.storyboard in Resources */ = {isa = PBXBuildFile; fileRef = 385FB08918ED71F40034A238 /* Main.storyboard */; };
		385FB08E18ED71F40034A238 /* ViewController.m in Sources */ = {isa = PBXBuildFile; fileRef = 385FB08D18ED71F40034A238 /* ViewController.m */; };
		385FB09018ED71F40034A238 /* Images.xcassets in Resources */ = {isa = PBXBuildFile; fileRef = 385FB08F18ED71F40034A238 /* Images.xcassets */; };
		385FB09718ED71F40034A238 /* XCTest.framework in Frameworks */ = {isa = PBXBuildFile; fileRef = 385FB09618ED71F40034A238 /* XCTest.framework */; };
		385FB09818ED71F40034A238 /* Foundation.framework in Frameworks */ = {isa = PBXBuildFile; fileRef = 385FB07718ED71F40034A238 /* Foundation.framework */; };
		385FB09918ED71F40034A238 /* UIKit.framework in Frameworks */ = {isa = PBXBuildFile; fileRef = 385FB07B18ED71F40034A238 /* UIKit.framework */; };
		385FB0A118ED71F40034A238 /* InfoPlist.strings in Resources */ = {isa = PBXBuildFile; fileRef = 385FB09F18ED71F40034A238 /* InfoPlist.strings */; };
		385FB0A318ED71F40034A238 /* ImageAniEx1Tests.m in Sources */ = {isa = PBXBuildFile; fileRef = 385FB0A218ED71F40034A238 /* ImageAniEx1Tests.m */; };
		385FB0B318ED72360034A238 /* image1.png in Resources */ = {isa = PBXBuildFile; fileRef = 385FB0AD18ED72360034A238 /* image1.png */; };
		385FB0B418ED72360034A238 /* image2.png in Resources */ = {isa = PBXBuildFile; fileRef = 385FB0AE18ED72360034A238 /* image2.png */; };
		385FB0B518ED72360034A238 /* image3.png in Resources */ = {isa = PBXBuildFile; fileRef = 385FB0AF18ED72360034A238 /* image3.png */; };
		385FB0B618ED72360034A238 /* image4.png in Resources */ = {isa = PBXBuildFile; fileRef = 385FB0B018ED72360034A238 /* image4.png */; };
		385FB0B718ED72360034A238 /* image5.png in Resources */ = {isa = PBXBuildFile; fileRef = 385FB0B118ED72360034A238 /* image5.png */; };
		385FB0B818ED72360034A238 /* image6.png in Resources */ = {isa = PBXBuildFile; fileRef = 385FB0B218ED72360034A238 /* image6.png */; };
		385FB0BA18ED78A80034A238 /* butbackgraydisabled.png in Resources */ = {isa = PBXBuildFile; fileRef = 385FB0B918ED78A80034A238 /* butbackgraydisabled.png */; };
/* End PBXBuildFile section */

/* Begin PBXContainerItemProxy section */
		385FB09A18ED71F40034A238 /* PBXContainerItemProxy */ = {
			isa = PBXContainerItemProxy;
			containerPortal = 385FB06C18ED71F40034A238 /* Project object */;
			proxyType = 1;
			remoteGlobalIDString = 385FB07318ED71F40034A238;
			remoteInfo = ImageAniEx1;
		};
/* End PBXContainerItemProxy section */

/* Begin PBXFileReference section */
		385FB07418ED71F40034A238 /* ImageAniEx1.app */ = {isa = PBXFileReference; explicitFileType = wrapper.application; includeInIndex = 0; path = ImageAniEx1.app; sourceTree = BUILT_PRODUCTS_DIR; };
		385FB07718ED71F40034A238 /* Foundation.framework */ = {isa = PBXFileReference; lastKnownFileType = wrapper.framework; name = Foundation.framework; path = System/Library/Frameworks/Foundation.framework; sourceTree = SDKROOT; };
		385FB07918ED71F40034A238 /* CoreGraphics.framework */ = {isa = PBXFileReference; lastKnownFileType = wrapper.framework; name = CoreGraphics.framework; path = System/Library/Frameworks/CoreGraphics.framework; sourceTree = SDKROOT; };
		385FB07B18ED71F40034A238 /* UIKit.framework */ = {isa = PBXFileReference; lastKnownFileType = wrapper.framework; name = UIKit.framework; path = System/Library/Frameworks/UIKit.framework; sourceTree = SDKROOT; };
		385FB07F18ED71F40034A238 /* ImageAniEx1-Info.plist */ = {isa = PBXFileReference; lastKnownFileType = text.plist.xml; path = "ImageAniEx1-Info.plist"; sourceTree = "<group>"; };
		385FB08118ED71F40034A238 /* en */ = {isa = PBXFileReference; lastKnownFileType = text.plist.strings; name = en; path = en.lproj/InfoPlist.strings; sourceTree = "<group>"; };
		385FB08318ED71F40034A238 /* main.m */ = {isa = PBXFileReference; lastKnownFileType = sourcecode.c.objc; path = main.m; sourceTree = "<group>"; };
		385FB08518ED71F40034A238 /* ImageAniEx1-Prefix.pch */ = {isa = PBXFileReference; lastKnownFileType = sourcecode.c.h; path = "ImageAniEx1-Prefix.pch"; sourceTree = "<group>"; };
		385FB08618ED71F40034A238 /* AppDelegate.h */ = {isa = PBXFileReference; lastKnownFileType = sourcecode.c.h; path = AppDelegate.h; sourceTree = "<group>"; };
		385FB08718ED71F40034A238 /* AppDelegate.m */ = {isa = PBXFileReference; lastKnownFileType = sourcecode.c.objc; path = AppDelegate.m; sourceTree = "<group>"; };
		385FB08A18ED71F40034A238 /* Base */ = {isa = PBXFileReference; lastKnownFileType = file.storyboard; name = Base; path = Base.lproj/Main.storyboard; sourceTree = "<group>"; };
		385FB08C18ED71F40034A238 /* ViewController.h */ = {isa = PBXFileReference; lastKnownFileType = sourcecode.c.h; path = ViewController.h; sourceTree = "<group>"; };
		385FB08D18ED71F40034A238 /* ViewController.m */ = {isa = PBXFileReference; lastKnownFileType = sourcecode.c.objc; path = ViewController.m; sourceTree = "<group>"; };
		385FB08F18ED71F40034A238 /* Images.xcassets */ = {isa = PBXFileReference; lastKnownFileType = folder.assetcatalog; path = Images.xcassets; sourceTree = "<group>"; };
		385FB09518ED71F40034A238 /* ImageAniEx1Tests.xctest */ = {isa = PBXFileReference; explicitFileType = wrapper.cfbundle; includeInIndex = 0; path = ImageAniEx1Tests.xctest; sourceTree = BUILT_PRODUCTS_DIR; };
		385FB09618ED71F40034A238 /* XCTest.framework */ = {isa = PBXFileReference; lastKnownFileType = wrapper.framework; name = XCTest.framework; path = Library/Frameworks/XCTest.framework; sourceTree = DEVELOPER_DIR; };
		385FB09E18ED71F40034A238 /* ImageAniEx1Tests-Info.plist */ = {isa = PBXFileReference; lastKnownFileType = text.plist.xml; path = "ImageAniEx1Tests-Info.plist"; sourceTree = "<group>"; };
		385FB0A018ED71F40034A238 /* en */ = {isa = PBXFileReference; lastKnownFileType = text.plist.strings; name = en; path = en.lproj/InfoPlist.strings; sourceTree = "<group>"; };
		385FB0A218ED71F40034A238 /* ImageAniEx1Tests.m */ = {isa = PBXFileReference; lastKnownFileType = sourcecode.c.objc; path = ImageAniEx1Tests.m; sourceTree = "<group>"; };
		385FB0AD18ED72360034A238 /* image1.png */ = {isa = PBXFileReference; lastKnownFileType = image.png; path = image1.png; sourceTree = "<group>"; };
		385FB0AE18ED72360034A238 /* image2.png */ = {isa = PBXFileReference; lastKnownFileType = image.png; path = image2.png; sourceTree = "<group>"; };
		385FB0AF18ED72360034A238 /* image3.png */ = {isa = PBXFileReference; lastKnownFileType = image.png; path = image3.png; sourceTree = "<group>"; };
		385FB0B018ED72360034A238 /* image4.png */ = {isa = PBXFileReference; lastKnownFileType = image.png; path = image4.png; sourceTree = "<group>"; };
		385FB0B118ED72360034A238 /* image5.png */ = {isa = PBXFileReference; lastKnownFileType = image.png; path = image5.png; sourceTree = "<group>"; };
		385FB0B218ED72360034A238 /* image6.png */ = {isa = PBXFileReference; lastKnownFileType = image.png; path = image6.png; sourceTree = "<group>"; };
		385FB0B918ED78A80034A238 /* butbackgraydisabled.png */ = {isa = PBXFileReference; lastKnownFileType = image.png; path = butbackgraydisabled.png; sourceTree = "<group>"; };
/* End PBXFileReference section */

/* Begin PBXFrameworksBuildPhase section */
		385FB07118ED71F40034A238 /* Frameworks */ = {
			isa = PBXFrameworksBuildPhase;
			buildActionMask = 2147483647;
			files = (
				385FB07A18ED71F40034A238 /* CoreGraphics.framework in Frameworks */,
				385FB07C18ED71F40034A238 /* UIKit.framework in Frameworks */,
				385FB07818ED71F40034A238 /* Foundation.framework in Frameworks */,
			);
			runOnlyForDeploymentPostprocessing = 0;
		};
		385FB09218ED71F40034A238 /* Frameworks */ = {
			isa = PBXFrameworksBuildPhase;
			buildActionMask = 2147483647;
			files = (
				385FB09718ED71F40034A238 /* XCTest.framework in Frameworks */,
				385FB09918ED71F40034A238 /* UIKit.framework in Frameworks */,
				385FB09818ED71F40034A238 /* Foundation.framework in Frameworks */,
			);
			runOnlyForDeploymentPostprocessing = 0;
		};
/* End PBXFrameworksBuildPhase section */

/* Begin PBXGroup section */
		385FB06B18ED71F40034A238 = {
			isa = PBXGroup;
			children = (
				385FB07D18ED71F40034A238 /* ImageAniEx1 */,
				385FB09C18ED71F40034A238 /* ImageAniEx1Tests */,
				385FB07618ED71F40034A238 /* Frameworks */,
				385FB07518ED71F40034A238 /* Products */,
			);
			sourceTree = "<group>";
		};
		385FB07518ED71F40034A238 /* Products */ = {
			isa = PBXGroup;
			children = (
				385FB07418ED71F40034A238 /* ImageAniEx1.app */,
				385FB09518ED71F40034A238 /* ImageAniEx1Tests.xctest */,
			);
			name = Products;
			sourceTree = "<group>";
		};
		385FB07618ED71F40034A238 /* Frameworks */ = {
			isa = PBXGroup;
			children = (
				385FB07718ED71F40034A238 /* Foundation.framework */,
				385FB07918ED71F40034A238 /* CoreGraphics.framework */,
				385FB07B18ED71F40034A238 /* UIKit.framework */,
				385FB09618ED71F40034A238 /* XCTest.framework */,
			);
			name = Frameworks;
			sourceTree = "<group>";
		};
		385FB07D18ED71F40034A238 /* ImageAniEx1 */ = {
			isa = PBXGroup;
			children = (
				385FB0AC18ED71FE0034A238 /* image */,
				385FB08618ED71F40034A238 /* AppDelegate.h */,
				385FB08718ED71F40034A238 /* AppDelegate.m */,
				385FB08918ED71F40034A238 /* Main.storyboard */,
				385FB08C18ED71F40034A238 /* ViewController.h */,
				385FB08D18ED71F40034A238 /* ViewController.m */,
				385FB08F18ED71F40034A238 /* Images.xcassets */,
				385FB07E18ED71F40034A238 /* Supporting Files */,
			);
			path = ImageAniEx1;
			sourceTree = "<group>";
		};
		385FB07E18ED71F40034A238 /* Supporting Files */ = {
			isa = PBXGroup;
			children = (
				385FB07F18ED71F40034A238 /* ImageAniEx1-Info.plist */,
				385FB08018ED71F40034A238 /* InfoPlist.strings */,
				385FB08318ED71F40034A238 /* main.m */,
				385FB08518ED71F40034A238 /* ImageAniEx1-Prefix.pch */,
			);
			name = "Supporting Files";
			sourceTree = "<group>";
		};
		385FB09C18ED71F40034A238 /* ImageAniEx1Tests */ = {
			isa = PBXGroup;
			children = (
				385FB0A218ED71F40034A238 /* ImageAniEx1Tests.m */,
				385FB09D18ED71F40034A238 /* Supporting Files */,
			);
			path = ImageAniEx1Tests;
			sourceTree = "<group>";
		};
		385FB09D18ED71F40034A238 /* Supporting Files */ = {
			isa = PBXGroup;
			children = (
				385FB09E18ED71F40034A238 /* ImageAniEx1Tests-Info.plist */,
				385FB09F18ED71F40034A238 /* InfoPlist.strings */,
			);
			name = "Supporting Files";
			sourceTree = "<group>";
		};
		385FB0AC18ED71FE0034A238 /* image */ = {
			isa = PBXGroup;
			children = (
				385FB0B918ED78A80034A238 /* butbackgraydisabled.png */,
				385FB0AD18ED72360034A238 /* image1.png */,
				385FB0AE18ED72360034A238 /* image2.png */,
				385FB0AF18ED72360034A238 /* image3.png */,
				385FB0B018ED72360034A238 /* image4.png */,
				385FB0B118ED72360034A238 /* image5.png */,
				385FB0B218ED72360034A238 /* image6.png */,
			);
			name = image;
			sourceTree = "<group>";
		};
/* End PBXGroup section */

/* Begin PBXNativeTarget section */
		385FB07318ED71F40034A238 /* ImageAniEx1 */ = {
			isa = PBXNativeTarget;
			buildConfigurationList = 385FB0A618ED71F40034A238 /* Build configuration list for PBXNativeTarget "ImageAniEx1" */;
			buildPhases = (
				385FB07018ED71F40034A238 /* Sources */,
				385FB07118ED71F40034A238 /* Frameworks */,
				385FB07218ED71F40034A238 /* Resources */,
			);
			buildRules = (
			);
			dependencies = (
			);
			name = ImageAniEx1;
			productName = ImageAniEx1;
			productReference = 385FB07418ED71F40034A238 /* ImageAniEx1.app */;
			productType = "com.apple.product-type.application";
		};
		385FB09418ED71F40034A238 /* ImageAniEx1Tests */ = {
			isa = PBXNativeTarget;
			buildConfigurationList = 385FB0A918ED71F40034A238 /* Build configuration list for PBXNativeTarget "ImageAniEx1Tests" */;
			buildPhases = (
				385FB09118ED71F40034A238 /* Sources */,
				385FB09218ED71F40034A238 /* Frameworks */,
				385FB09318ED71F40034A238 /* Resources */,
			);
			buildRules = (
			);
			dependencies = (
				385FB09B18ED71F40034A238 /* PBXTargetDependency */,
			);
			name = ImageAniEx1Tests;
			productName = ImageAniEx1Tests;
			productReference = 385FB09518ED71F40034A238 /* ImageAniEx1Tests.xctest */;
			productType = "com.apple.product-type.bundle.unit-test";
		};
/* End PBXNativeTarget section */

/* Begin PBXProject section */
		385FB06C18ED71F40034A238 /* Project object */ = {
			isa = PBXProject;
			attributes = {
				LastUpgradeCheck = 0510;
				ORGANIZATIONNAME = "저녁반";
				TargetAttributes = {
					385FB09418ED71F40034A238 = {
						TestTargetID = 385FB07318ED71F40034A238;
					};
				};
			};
			buildConfigurationList = 385FB06F18ED71F40034A238 /* Build configuration list for PBXProject "ImageAniEx1" */;
			compatibilityVersion = "Xcode 3.2";
			developmentRegion = English;
			hasScannedForEncodings = 0;
			knownRegions = (
				en,
				Base,
			);
			mainGroup = 385FB06B18ED71F40034A238;
			productRefGroup = 385FB07518ED71F40034A238 /* Products */;
			projectDirPath = "";
			projectRoot = "";
			targets = (
				385FB07318ED71F40034A238 /* ImageAniEx1 */,
				385FB09418ED71F40034A238 /* ImageAniEx1Tests */,
			);
		};
/* End PBXProject section */

/* Begin PBXResourcesBuildPhase section */
		385FB07218ED71F40034A238 /* Resources */ = {
			isa = PBXResourcesBuildPhase;
			buildActionMask = 2147483647;
			files = (
				385FB09018ED71F40034A238 /* Images.xcassets in Resources */,
				385FB0BA18ED78A80034A238 /* butbackgraydisabled.png in Resources */,
				385FB0B818ED72360034A238 /* image6.png in Resources */,
				385FB0B518ED72360034A238 /* image3.png in Resources */,
				385FB0B418ED72360034A238 /* image2.png in Resources */,
				385FB0B318ED72360034A238 /* image1.png in Resources */,
				385FB0B618ED72360034A238 /* image4.png in Resources */,
				385FB0B718ED72360034A238 /* image5.png in Resources */,
				385FB08218ED71F40034A238 /* InfoPlist.strings in Resources */,
				385FB08B18ED71F40034A238 /* Main.storyboard in Resources */,
			);
			runOnlyForDeploymentPostprocessing = 0;
		};
		385FB09318ED71F40034A238 /* Resources */ = {
			isa = PBXResourcesBuildPhase;
			buildActionMask = 2147483647;
			files = (
				385FB0A118ED71F40034A238 /* InfoPlist.strings in Resources */,
			);
			runOnlyForDeploymentPostprocessing = 0;
		};
/* End PBXResourcesBuildPhase section */

/* Begin PBXSourcesBuildPhase section */
		385FB07018ED71F40034A238 /* Sources */ = {
			isa = PBXSourcesBuildPhase;
			buildActionMask = 2147483647;
			files = (
				385FB08E18ED71F40034A238 /* ViewController.m in Sources */,
				385FB08818ED71F40034A238 /* AppDelegate.m in Sources */,
				385FB08418ED71F40034A238 /* main.m in Sources */,
			);
			runOnlyForDeploymentPostprocessing = 0;
		};
		385FB09118ED71F40034A238 /* Sources */ = {
			isa = PBXSourcesBuildPhase;
			buildActionMask = 2147483647;
			files = (
				385FB0A318ED71F40034A238 /* ImageAniEx1Tests.m in Sources */,
			);
			runOnlyForDeploymentPostprocessing = 0;
		};
/* End PBXSourcesBuildPhase section */

/* Begin PBXTargetDependency section */
		385FB09B18ED71F40034A238 /* PBXTargetDependency */ = {
			isa = PBXTargetDependency;
			target = 385FB07318ED71F40034A238 /* ImageAniEx1 */;
			targetProxy = 385FB09A18ED71F40034A238 /* PBXContainerItemProxy */;
		};
/* End PBXTargetDependency section */

/* Begin PBXVariantGroup section */
		385FB08018ED71F40034A238 /* InfoPlist.strings */ = {
			isa = PBXVariantGroup;
			children = (
				385FB08118ED71F40034A238 /* en */,
			);
			name = InfoPlist.strings;
			sourceTree = "<group>";
		};
		385FB08918ED71F40034A238 /* Main.storyboard */ = {
			isa = PBXVariantGroup;
			children = (
				385FB08A18ED71F40034A238 /* Base */,
			);
			name = Main.storyboard;
			sourceTree = "<group>";
		};
		385FB09F18ED71F40034A238 /* InfoPlist.strings */ = {
			isa = PBXVariantGroup;
			children = (
				385FB0A018ED71F40034A238 /* en */,
			);
			name = InfoPlist.strings;
			sourceTree = "<group>";
		};
/* End PBXVariantGroup section */

/* Begin XCBuildConfiguration section */
		385FB0A418ED71F40034A238 /* Debug */ = {
			isa = XCBuildConfiguration;
			buildSettings = {
				ALWAYS_SEARCH_USER_PATHS = NO;
				CLANG_CXX_LANGUAGE_STANDARD = "gnu++0x";
				CLANG_CXX_LIBRARY = "libc++";
				CLANG_ENABLE_MODULES = YES;
				CLANG_ENABLE_OBJC_ARC = YES;
				CLANG_WARN_BOOL_CONVERSION = YES;
				CLANG_WARN_CONSTANT_CONVERSION = YES;
				CLANG_WARN_DIRECT_OBJC_ISA_USAGE = YES_ERROR;
				CLANG_WARN_EMPTY_BODY = YES;
				CLANG_WARN_ENUM_CONVERSION = YES;
				CLANG_WARN_INT_CONVERSION = YES;
				CLANG_WARN_OBJC_ROOT_CLASS = YES_ERROR;
				CLANG_WARN__DUPLICATE_METHOD_MATCH = YES;
				"CODE_SIGN_IDENTITY[sdk=iphoneos*]" = "iPhone Developer";
				COPY_PHASE_STRIP = NO;
				GCC_C_LANGUAGE_STANDARD = gnu99;
				GCC_DYNAMIC_NO_PIC = NO;
				GCC_OPTIMIZATION_LEVEL = 0;
				GCC_PREPROCESSOR_DEFINITIONS = (
					"DEBUG=1",
					"$(inherited)",
				);
				GCC_SYMBOLS_PRIVATE_EXTERN = NO;
				GCC_WARN_64_TO_32_BIT_CONVERSION = YES;
				GCC_WARN_ABOUT_RETURN_TYPE = YES_ERROR;
				GCC_WARN_UNDECLARED_SELECTOR = YES;
				GCC_WARN_UNINITIALIZED_AUTOS = YES_AGGRESSIVE;
				GCC_WARN_UNUSED_FUNCTION = YES;
				GCC_WARN_UNUSED_VARIABLE = YES;
				IPHONEOS_DEPLOYMENT_TARGET = 7.1;
				ONLY_ACTIVE_ARCH = YES;
				SDKROOT = iphoneos;
			};
			name = Debug;
		};
		385FB0A518ED71F40034A238 /* Release */ = {
			isa = XCBuildConfiguration;
			buildSettings = {
				ALWAYS_SEARCH_USER_PATHS = NO;
				CLANG_CXX_LANGUAGE_STANDARD = "gnu++0x";
				CLANG_CXX_LIBRARY = "libc++";
				CLANG_ENABLE_MODULES = YES;
				CLANG_ENABLE_OBJC_ARC = YES;
				CLANG_WARN_BOOL_CONVERSION = YES;
				CLANG_WARN_CONSTANT_CONVERSION = YES;
				CLANG_WARN_DIRECT_OBJC_ISA_USAGE = YES_ERROR;
				CLANG_WARN_EMPTY_BODY = YES;
				CLANG_WARN_ENUM_CONVERSION = YES;
				CLANG_WARN_INT_CONVERSION = YES;
				CLANG_WARN_OBJC_ROOT_CLASS = YES_ERROR;
				CLANG_WARN__DUPLICATE_METHOD_MATCH = YES;
				"CODE_SIGN_IDENTITY[sdk=iphoneos*]" = "iPhone Developer";
				COPY_PHASE_STRIP = YES;
				ENABLE_NS_ASSERTIONS = NO;
				GCC_C_LANGUAGE_STANDARD = gnu99;
				GCC_WARN_64_TO_32_BIT_CONVERSION = YES;
				GCC_WARN_ABOUT_RETURN_TYPE = YES_ERROR;
				GCC_WARN_UNDECLARED_SELECTOR = YES;
				GCC_WARN_UNINITIALIZED_AUTOS = YES_AGGRESSIVE;
				GCC_WARN_UNUSED_FUNCTION = YES;
				GCC_WARN_UNUSED_VARIABLE = YES;
				IPHONEOS_DEPLOYMENT_TARGET = 7.1;
				SDKROOT = iphoneos;
				VALIDATE_PRODUCT = YES;
			};
			name = Release;
		};
		385FB0A718ED71F40034A238 /* Debug */ = {
			isa = XCBuildConfiguration;
			buildSettings = {
				ASSETCATALOG_COMPILER_APPICON_NAME = AppIcon;
				ASSETCATALOG_COMPILER_LAUNCHIMAGE_NAME = LaunchImage;
				GCC_PRECOMPILE_PREFIX_HEADER = YES;
				GCC_PREFIX_HEADER = "ImageAniEx1/ImageAniEx1-Prefix.pch";
				INFOPLIST_FILE = "ImageAniEx1/ImageAniEx1-Info.plist";
				PRODUCT_NAME = "$(TARGET_NAME)";
				WRAPPER_EXTENSION = app;
			};
			name = Debug;
		};
		385FB0A818ED71F40034A238 /* Release */ = {
			isa = XCBuildConfiguration;
			buildSettings = {
				ASSETCATALOG_COMPILER_APPICON_NAME = AppIcon;
				ASSETCATALOG_COMPILER_LAUNCHIMAGE_NAME = LaunchImage;
				GCC_PRECOMPILE_PREFIX_HEADER = YES;
				GCC_PREFIX_HEADER = "ImageAniEx1/ImageAniEx1-Prefix.pch";
				INFOPLIST_FILE = "ImageAniEx1/ImageAniEx1-Info.plist";
				PRODUCT_NAME = "$(TARGET_NAME)";
				WRAPPER_EXTENSION = app;
			};
			name = Release;
		};
		385FB0AA18ED71F40034A238 /* Debug */ = {
			isa = XCBuildConfiguration;
			buildSettings = {
				BUNDLE_LOADER = "$(BUILT_PRODUCTS_DIR)/ImageAniEx1.app/ImageAniEx1";
				FRAMEWORK_SEARCH_PATHS = (
					"$(SDKROOT)/Developer/Library/Frameworks",
					"$(inherited)",
					"$(DEVELOPER_FRAMEWORKS_DIR)",
				);
				GCC_PRECOMPILE_PREFIX_HEADER = YES;
				GCC_PREFIX_HEADER = "ImageAniEx1/ImageAniEx1-Prefix.pch";
				GCC_PREPROCESSOR_DEFINITIONS = (
					"DEBUG=1",
					"$(inherited)",
				);
				INFOPLIST_FILE = "ImageAniEx1Tests/ImageAniEx1Tests-Info.plist";
				PRODUCT_NAME = "$(TARGET_NAME)";
				TEST_HOST = "$(BUNDLE_LOADER)";
				WRAPPER_EXTENSION = xctest;
			};
			name = Debug;
		};
		385FB0AB18ED71F40034A238 /* Release */ = {
			isa = XCBuildConfiguration;
			buildSettings = {
				BUNDLE_LOADER = "$(BUILT_PRODUCTS_DIR)/ImageAniEx1.app/ImageAniEx1";
				FRAMEWORK_SEARCH_PATHS = (
					"$(SDKROOT)/Developer/Library/Frameworks",
					"$(inherited)",
					"$(DEVELOPER_FRAMEWORKS_DIR)",
				);
				GCC_PRECOMPILE_PREFIX_HEADER = YES;
				GCC_PREFIX_HEADER = "ImageAniEx1/ImageAniEx1-Prefix.pch";
				INFOPLIST_FILE = "ImageAniEx1Tests/ImageAniEx1Tests-Info.plist";
				PRODUCT_NAME = "$(TARGET_NAME)";
				TEST_HOST = "$(BUNDLE_LOADER)";
				WRAPPER_EXTENSION = xctest;
			};
			name = Release;
		};
/* End XCBuildConfiguration section */

/* Begin XCConfigurationList section */
		385FB06F18ED71F40034A238 /* Build configuration list for PBXProject "ImageAniEx1" */ = {
			isa = XCConfigurationList;
			buildConfigurations = (
				385FB0A418ED71F40034A238 /* Debug */,
				385FB0A518ED71F40034A238 /* Release */,
			);
			defaultConfigurationIsVisible = 0;
			defaultConfigurationName = Release;
		};
		385FB0A618ED71F40034A238 /* Build configuration list for PBXNativeTarget "ImageAniEx1" */ = {
			isa = XCConfigurationList;
			buildConfigurations = (
				385FB0A718ED71F40034A238 /* Debug */,
				385FB0A818ED71F40034A238 /* Release */,
			);
			defaultConfigurationIsVisible = 0;
		};
		385FB0A918ED71F40034A238 /* Build configuration list for PBXNativeTarget "ImageAniEx1Tests" */ = {
			isa = XCConfigurationList;
			buildConfigurations = (
				385FB0AA18ED71F40034A238 /* Debug */,
				385FB0AB18ED71F40034A238 /* Release */,
			);
			defaultConfigurationIsVisible = 0;
		};
/* End XCConfigurationList section */
	};
	rootObject = 385FB06C18ED71F40034A238 /* Project object */;
}
