// !$*UTF8*$!
{
	archiveVersion = 1;
	classes = {
	};
	objectVersion = 46;
	objects = {

/* Begin PBXBuildFile section */
		13ADFA3C18E199BE0044B0D1 /* Foundation.framework in Frameworks */ = {isa = PBXBuildFile; fileRef = 13ADFA3B18E199BE0044B0D1 /* Foundation.framework */; };
		13ADFA3E18E199BE0044B0D1 /* CoreGraphics.framework in Frameworks */ = {isa = PBXBuildFile; fileRef = 13ADFA3D18E199BE0044B0D1 /* CoreGraphics.framework */; };
		13ADFA4018E199BE0044B0D1 /* UIKit.framework in Frameworks */ = {isa = PBXBuildFile; fileRef = 13ADFA3F18E199BE0044B0D1 /* UIKit.framework */; };
		13ADFA4618E199BE0044B0D1 /* InfoPlist.strings in Resources */ = {isa = PBXBuildFile; fileRef = 13ADFA4418E199BE0044B0D1 /* InfoPlist.strings */; };
		13ADFA4818E199BE0044B0D1 /* main.m in Sources */ = {isa = PBXBuildFile; fileRef = 13ADFA4718E199BE0044B0D1 /* main.m */; };
		13ADFA4C18E199BE0044B0D1 /* AppDelegate.m in Sources */ = {isa = PBXBuildFile; fileRef = 13ADFA4B18E199BE0044B0D1 /* AppDelegate.m */; };
		13ADFA4F18E199BE0044B0D1 /* Main.storyboard in Resources */ = {isa = PBXBuildFile; fileRef = 13ADFA4D18E199BE0044B0D1 /* Main.storyboard */; };
		13ADFA5218E199BE0044B0D1 /* ViewController.m in Sources */ = {isa = PBXBuildFile; fileRef = 13ADFA5118E199BE0044B0D1 /* ViewController.m */; };
		13ADFA5418E199BE0044B0D1 /* Images.xcassets in Resources */ = {isa = PBXBuildFile; fileRef = 13ADFA5318E199BE0044B0D1 /* Images.xcassets */; };
		13ADFA5B18E199BE0044B0D1 /* XCTest.framework in Frameworks */ = {isa = PBXBuildFile; fileRef = 13ADFA5A18E199BE0044B0D1 /* XCTest.framework */; };
		13ADFA5C18E199BE0044B0D1 /* Foundation.framework in Frameworks */ = {isa = PBXBuildFile; fileRef = 13ADFA3B18E199BE0044B0D1 /* Foundation.framework */; };
		13ADFA5D18E199BE0044B0D1 /* UIKit.framework in Frameworks */ = {isa = PBXBuildFile; fileRef = 13ADFA3F18E199BE0044B0D1 /* UIKit.framework */; };
		13ADFA6518E199BE0044B0D1 /* InfoPlist.strings in Resources */ = {isa = PBXBuildFile; fileRef = 13ADFA6318E199BE0044B0D1 /* InfoPlist.strings */; };
		13ADFA6718E199BE0044B0D1 /* TimerExTests.m in Sources */ = {isa = PBXBuildFile; fileRef = 13ADFA6618E199BE0044B0D1 /* TimerExTests.m */; };
		13ADFA7418E1A9860044B0D1 /* -car_lock-.aif in Resources */ = {isa = PBXBuildFile; fileRef = 13ADFA7018E1A9860044B0D1 /* -car_lock-.aif */; };
		13ADFA7518E1A9860044B0D1 /* blackberry_mms.caf in Resources */ = {isa = PBXBuildFile; fileRef = 13ADFA7118E1A9860044B0D1 /* blackberry_mms.caf */; };
		13ADFA7618E1A9860044B0D1 /* guitar_new_sms_2010.aif in Resources */ = {isa = PBXBuildFile; fileRef = 13ADFA7218E1A9860044B0D1 /* guitar_new_sms_2010.aif */; };
		13ADFA7718E1A9860044B0D1 /* spongebob_hornpipe.aif in Resources */ = {isa = PBXBuildFile; fileRef = 13ADFA7318E1A9860044B0D1 /* spongebob_hornpipe.aif */; };
		13ADFA7918E1AA620044B0D1 /* AudioToolbox.framework in Frameworks */ = {isa = PBXBuildFile; fileRef = 13ADFA7818E1AA620044B0D1 /* AudioToolbox.framework */; };
/* End PBXBuildFile section */

/* Begin PBXContainerItemProxy section */
		13ADFA5E18E199BE0044B0D1 /* PBXContainerItemProxy */ = {
			isa = PBXContainerItemProxy;
			containerPortal = 13ADFA3018E199BE0044B0D1 /* Project object */;
			proxyType = 1;
			remoteGlobalIDString = 13ADFA3718E199BE0044B0D1;
			remoteInfo = TimerEx;
		};
/* End PBXContainerItemProxy section */

/* Begin PBXFileReference section */
		13ADFA3818E199BE0044B0D1 /* TimerEx.app */ = {isa = PBXFileReference; explicitFileType = wrapper.application; includeInIndex = 0; path = TimerEx.app; sourceTree = BUILT_PRODUCTS_DIR; };
		13ADFA3B18E199BE0044B0D1 /* Foundation.framework */ = {isa = PBXFileReference; lastKnownFileType = wrapper.framework; name = Foundation.framework; path = System/Library/Frameworks/Foundation.framework; sourceTree = SDKROOT; };
		13ADFA3D18E199BE0044B0D1 /* CoreGraphics.framework */ = {isa = PBXFileReference; lastKnownFileType = wrapper.framework; name = CoreGraphics.framework; path = System/Library/Frameworks/CoreGraphics.framework; sourceTree = SDKROOT; };
		13ADFA3F18E199BE0044B0D1 /* UIKit.framework */ = {isa = PBXFileReference; lastKnownFileType = wrapper.framework; name = UIKit.framework; path = System/Library/Frameworks/UIKit.framework; sourceTree = SDKROOT; };
		13ADFA4318E199BE0044B0D1 /* TimerEx-Info.plist */ = {isa = PBXFileReference; lastKnownFileType = text.plist.xml; path = "TimerEx-Info.plist"; sourceTree = "<group>"; };
		13ADFA4518E199BE0044B0D1 /* en */ = {isa = PBXFileReference; lastKnownFileType = text.plist.strings; name = en; path = en.lproj/InfoPlist.strings; sourceTree = "<group>"; };
		13ADFA4718E199BE0044B0D1 /* main.m */ = {isa = PBXFileReference; lastKnownFileType = sourcecode.c.objc; path = main.m; sourceTree = "<group>"; };
		13ADFA4918E199BE0044B0D1 /* TimerEx-Prefix.pch */ = {isa = PBXFileReference; lastKnownFileType = sourcecode.c.h; path = "TimerEx-Prefix.pch"; sourceTree = "<group>"; };
		13ADFA4A18E199BE0044B0D1 /* AppDelegate.h */ = {isa = PBXFileReference; lastKnownFileType = sourcecode.c.h; path = AppDelegate.h; sourceTree = "<group>"; };
		13ADFA4B18E199BE0044B0D1 /* AppDelegate.m */ = {isa = PBXFileReference; lastKnownFileType = sourcecode.c.objc; path = AppDelegate.m; sourceTree = "<group>"; };
		13ADFA4E18E199BE0044B0D1 /* Base */ = {isa = PBXFileReference; lastKnownFileType = file.storyboard; name = Base; path = Base.lproj/Main.storyboard; sourceTree = "<group>"; };
		13ADFA5018E199BE0044B0D1 /* ViewController.h */ = {isa = PBXFileReference; lastKnownFileType = sourcecode.c.h; path = ViewController.h; sourceTree = "<group>"; };
		13ADFA5118E199BE0044B0D1 /* ViewController.m */ = {isa = PBXFileReference; lastKnownFileType = sourcecode.c.objc; path = ViewController.m; sourceTree = "<group>"; };
		13ADFA5318E199BE0044B0D1 /* Images.xcassets */ = {isa = PBXFileReference; lastKnownFileType = folder.assetcatalog; path = Images.xcassets; sourceTree = "<group>"; };
		13ADFA5918E199BE0044B0D1 /* TimerExTests.xctest */ = {isa = PBXFileReference; explicitFileType = wrapper.cfbundle; includeInIndex = 0; path = TimerExTests.xctest; sourceTree = BUILT_PRODUCTS_DIR; };
		13ADFA5A18E199BE0044B0D1 /* XCTest.framework */ = {isa = PBXFileReference; lastKnownFileType = wrapper.framework; name = XCTest.framework; path = Library/Frameworks/XCTest.framework; sourceTree = DEVELOPER_DIR; };
		13ADFA6218E199BE0044B0D1 /* TimerExTests-Info.plist */ = {isa = PBXFileReference; lastKnownFileType = text.plist.xml; path = "TimerExTests-Info.plist"; sourceTree = "<group>"; };
		13ADFA6418E199BE0044B0D1 /* en */ = {isa = PBXFileReference; lastKnownFileType = text.plist.strings; name = en; path = en.lproj/InfoPlist.strings; sourceTree = "<group>"; };
		13ADFA6618E199BE0044B0D1 /* TimerExTests.m */ = {isa = PBXFileReference; lastKnownFileType = sourcecode.c.objc; path = TimerExTests.m; sourceTree = "<group>"; };
		13ADFA7018E1A9860044B0D1 /* -car_lock-.aif */ = {isa = PBXFileReference; lastKnownFileType = file; path = "-car_lock-.aif"; sourceTree = "<group>"; };
		13ADFA7118E1A9860044B0D1 /* blackberry_mms.caf */ = {isa = PBXFileReference; lastKnownFileType = file; path = blackberry_mms.caf; sourceTree = "<group>"; };
		13ADFA7218E1A9860044B0D1 /* guitar_new_sms_2010.aif */ = {isa = PBXFileReference; lastKnownFileType = file; path = guitar_new_sms_2010.aif; sourceTree = "<group>"; };
		13ADFA7318E1A9860044B0D1 /* spongebob_hornpipe.aif */ = {isa = PBXFileReference; lastKnownFileType = file; path = spongebob_hornpipe.aif; sourceTree = "<group>"; };
		13ADFA7818E1AA620044B0D1 /* AudioToolbox.framework */ = {isa = PBXFileReference; lastKnownFileType = wrapper.framework; name = AudioToolbox.framework; path = System/Library/Frameworks/AudioToolbox.framework; sourceTree = SDKROOT; };
/* End PBXFileReference section */

/* Begin PBXFrameworksBuildPhase section */
		13ADFA3518E199BE0044B0D1 /* Frameworks */ = {
			isa = PBXFrameworksBuildPhase;
			buildActionMask = 2147483647;
			files = (
				13ADFA7918E1AA620044B0D1 /* AudioToolbox.framework in Frameworks */,
				13ADFA3E18E199BE0044B0D1 /* CoreGraphics.framework in Frameworks */,
				13ADFA4018E199BE0044B0D1 /* UIKit.framework in Frameworks */,
				13ADFA3C18E199BE0044B0D1 /* Foundation.framework in Frameworks */,
			);
			runOnlyForDeploymentPostprocessing = 0;
		};
		13ADFA5618E199BE0044B0D1 /* Frameworks */ = {
			isa = PBXFrameworksBuildPhase;
			buildActionMask = 2147483647;
			files = (
				13ADFA5B18E199BE0044B0D1 /* XCTest.framework in Frameworks */,
				13ADFA5D18E199BE0044B0D1 /* UIKit.framework in Frameworks */,
				13ADFA5C18E199BE0044B0D1 /* Foundation.framework in Frameworks */,
			);
			runOnlyForDeploymentPostprocessing = 0;
		};
/* End PBXFrameworksBuildPhase section */

/* Begin PBXGroup section */
		13ADFA2F18E199BE0044B0D1 = {
			isa = PBXGroup;
			children = (
				13ADFA4118E199BE0044B0D1 /* TimerEx */,
				13ADFA6018E199BE0044B0D1 /* TimerExTests */,
				13ADFA3A18E199BE0044B0D1 /* Frameworks */,
				13ADFA3918E199BE0044B0D1 /* Products */,
			);
			sourceTree = "<group>";
		};
		13ADFA3918E199BE0044B0D1 /* Products */ = {
			isa = PBXGroup;
			children = (
				13ADFA3818E199BE0044B0D1 /* TimerEx.app */,
				13ADFA5918E199BE0044B0D1 /* TimerExTests.xctest */,
			);
			name = Products;
			sourceTree = "<group>";
		};
		13ADFA3A18E199BE0044B0D1 /* Frameworks */ = {
			isa = PBXGroup;
			children = (
				13ADFA7818E1AA620044B0D1 /* AudioToolbox.framework */,
				13ADFA3B18E199BE0044B0D1 /* Foundation.framework */,
				13ADFA3D18E199BE0044B0D1 /* CoreGraphics.framework */,
				13ADFA3F18E199BE0044B0D1 /* UIKit.framework */,
				13ADFA5A18E199BE0044B0D1 /* XCTest.framework */,
			);
			name = Frameworks;
			sourceTree = "<group>";
		};
		13ADFA4118E199BE0044B0D1 /* TimerEx */ = {
			isa = PBXGroup;
			children = (
				13ADFA7018E1A9860044B0D1 /* -car_lock-.aif */,
				13ADFA7118E1A9860044B0D1 /* blackberry_mms.caf */,
				13ADFA7218E1A9860044B0D1 /* guitar_new_sms_2010.aif */,
				13ADFA7318E1A9860044B0D1 /* spongebob_hornpipe.aif */,
				13ADFA4A18E199BE0044B0D1 /* AppDelegate.h */,
				13ADFA4B18E199BE0044B0D1 /* AppDelegate.m */,
				13ADFA4D18E199BE0044B0D1 /* Main.storyboard */,
				13ADFA5018E199BE0044B0D1 /* ViewController.h */,
				13ADFA5118E199BE0044B0D1 /* ViewController.m */,
				13ADFA5318E199BE0044B0D1 /* Images.xcassets */,
				13ADFA4218E199BE0044B0D1 /* Supporting Files */,
			);
			path = TimerEx;
			sourceTree = "<group>";
		};
		13ADFA4218E199BE0044B0D1 /* Supporting Files */ = {
			isa = PBXGroup;
			children = (
				13ADFA4318E199BE0044B0D1 /* TimerEx-Info.plist */,
				13ADFA4418E199BE0044B0D1 /* InfoPlist.strings */,
				13ADFA4718E199BE0044B0D1 /* main.m */,
				13ADFA4918E199BE0044B0D1 /* TimerEx-Prefix.pch */,
			);
			name = "Supporting Files";
			sourceTree = "<group>";
		};
		13ADFA6018E199BE0044B0D1 /* TimerExTests */ = {
			isa = PBXGroup;
			children = (
				13ADFA6618E199BE0044B0D1 /* TimerExTests.m */,
				13ADFA6118E199BE0044B0D1 /* Supporting Files */,
			);
			path = TimerExTests;
			sourceTree = "<group>";
		};
		13ADFA6118E199BE0044B0D1 /* Supporting Files */ = {
			isa = PBXGroup;
			children = (
				13ADFA6218E199BE0044B0D1 /* TimerExTests-Info.plist */,
				13ADFA6318E199BE0044B0D1 /* InfoPlist.strings */,
			);
			name = "Supporting Files";
			sourceTree = "<group>";
		};
/* End PBXGroup section */

/* Begin PBXNativeTarget section */
		13ADFA3718E199BE0044B0D1 /* TimerEx */ = {
			isa = PBXNativeTarget;
			buildConfigurationList = 13ADFA6A18E199BE0044B0D1 /* Build configuration list for PBXNativeTarget "TimerEx" */;
			buildPhases = (
				13ADFA3418E199BE0044B0D1 /* Sources */,
				13ADFA3518E199BE0044B0D1 /* Frameworks */,
				13ADFA3618E199BE0044B0D1 /* Resources */,
			);
			buildRules = (
			);
			dependencies = (
			);
			name = TimerEx;
			productName = TimerEx;
			productReference = 13ADFA3818E199BE0044B0D1 /* TimerEx.app */;
			productType = "com.apple.product-type.application";
		};
		13ADFA5818E199BE0044B0D1 /* TimerExTests */ = {
			isa = PBXNativeTarget;
			buildConfigurationList = 13ADFA6D18E199BE0044B0D1 /* Build configuration list for PBXNativeTarget "TimerExTests" */;
			buildPhases = (
				13ADFA5518E199BE0044B0D1 /* Sources */,
				13ADFA5618E199BE0044B0D1 /* Frameworks */,
				13ADFA5718E199BE0044B0D1 /* Resources */,
			);
			buildRules = (
			);
			dependencies = (
				13ADFA5F18E199BE0044B0D1 /* PBXTargetDependency */,
			);
			name = TimerExTests;
			productName = TimerExTests;
			productReference = 13ADFA5918E199BE0044B0D1 /* TimerExTests.xctest */;
			productType = "com.apple.product-type.bundle.unit-test";
		};
/* End PBXNativeTarget section */

/* Begin PBXProject section */
		13ADFA3018E199BE0044B0D1 /* Project object */ = {
			isa = PBXProject;
			attributes = {
				LastUpgradeCheck = 0510;
				ORGANIZATIONNAME = "저녁반";
				TargetAttributes = {
					13ADFA5818E199BE0044B0D1 = {
						TestTargetID = 13ADFA3718E199BE0044B0D1;
					};
				};
			};
			buildConfigurationList = 13ADFA3318E199BE0044B0D1 /* Build configuration list for PBXProject "TimerEx" */;
			compatibilityVersion = "Xcode 3.2";
			developmentRegion = English;
			hasScannedForEncodings = 0;
			knownRegions = (
				en,
				Base,
			);
			mainGroup = 13ADFA2F18E199BE0044B0D1;
			productRefGroup = 13ADFA3918E199BE0044B0D1 /* Products */;
			projectDirPath = "";
			projectRoot = "";
			targets = (
				13ADFA3718E199BE0044B0D1 /* TimerEx */,
				13ADFA5818E199BE0044B0D1 /* TimerExTests */,
			);
		};
/* End PBXProject section */

/* Begin PBXResourcesBuildPhase section */
		13ADFA3618E199BE0044B0D1 /* Resources */ = {
			isa = PBXResourcesBuildPhase;
			buildActionMask = 2147483647;
			files = (
				13ADFA7618E1A9860044B0D1 /* guitar_new_sms_2010.aif in Resources */,
				13ADFA7418E1A9860044B0D1 /* -car_lock-.aif in Resources */,
				13ADFA5418E199BE0044B0D1 /* Images.xcassets in Resources */,
				13ADFA4618E199BE0044B0D1 /* InfoPlist.strings in Resources */,
				13ADFA7718E1A9860044B0D1 /* spongebob_hornpipe.aif in Resources */,
				13ADFA7518E1A9860044B0D1 /* blackberry_mms.caf in Resources */,
				13ADFA4F18E199BE0044B0D1 /* Main.storyboard in Resources */,
			);
			runOnlyForDeploymentPostprocessing = 0;
		};
		13ADFA5718E199BE0044B0D1 /* Resources */ = {
			isa = PBXResourcesBuildPhase;
			buildActionMask = 2147483647;
			files = (
				13ADFA6518E199BE0044B0D1 /* InfoPlist.strings in Resources */,
			);
			runOnlyForDeploymentPostprocessing = 0;
		};
/* End PBXResourcesBuildPhase section */

/* Begin PBXSourcesBuildPhase section */
		13ADFA3418E199BE0044B0D1 /* Sources */ = {
			isa = PBXSourcesBuildPhase;
			buildActionMask = 2147483647;
			files = (
				13ADFA5218E199BE0044B0D1 /* ViewController.m in Sources */,
				13ADFA4C18E199BE0044B0D1 /* AppDelegate.m in Sources */,
				13ADFA4818E199BE0044B0D1 /* main.m in Sources */,
			);
			runOnlyForDeploymentPostprocessing = 0;
		};
		13ADFA5518E199BE0044B0D1 /* Sources */ = {
			isa = PBXSourcesBuildPhase;
			buildActionMask = 2147483647;
			files = (
				13ADFA6718E199BE0044B0D1 /* TimerExTests.m in Sources */,
			);
			runOnlyForDeploymentPostprocessing = 0;
		};
/* End PBXSourcesBuildPhase section */

/* Begin PBXTargetDependency section */
		13ADFA5F18E199BE0044B0D1 /* PBXTargetDependency */ = {
			isa = PBXTargetDependency;
			target = 13ADFA3718E199BE0044B0D1 /* TimerEx */;
			targetProxy = 13ADFA5E18E199BE0044B0D1 /* PBXContainerItemProxy */;
		};
/* End PBXTargetDependency section */

/* Begin PBXVariantGroup section */
		13ADFA4418E199BE0044B0D1 /* InfoPlist.strings */ = {
			isa = PBXVariantGroup;
			children = (
				13ADFA4518E199BE0044B0D1 /* en */,
			);
			name = InfoPlist.strings;
			sourceTree = "<group>";
		};
		13ADFA4D18E199BE0044B0D1 /* Main.storyboard */ = {
			isa = PBXVariantGroup;
			children = (
				13ADFA4E18E199BE0044B0D1 /* Base */,
			);
			name = Main.storyboard;
			sourceTree = "<group>";
		};
		13ADFA6318E199BE0044B0D1 /* InfoPlist.strings */ = {
			isa = PBXVariantGroup;
			children = (
				13ADFA6418E199BE0044B0D1 /* en */,
			);
			name = InfoPlist.strings;
			sourceTree = "<group>";
		};
/* End PBXVariantGroup section */

/* Begin XCBuildConfiguration section */
		13ADFA6818E199BE0044B0D1 /* Debug */ = {
			isa = XCBuildConfiguration;
			buildSettings = {
				ALWAYS_SEARCH_USER_PATHS = NO;
				CLANG_CXX_LANGUAGE_STANDARD = "gnu++0x";
				CLANG_CXX_LIBRARY = "libc++";
				CLANG_ENABLE_MODULES = YES;
				CLANG_ENABLE_OBJC_ARC = YES;
				CLANG_WARN_BOOL_CONVERSION = YES;
				CLANG_WARN_CONSTANT_CONVERSION = YES;
				CLANG_WARN_DIRECT_OBJC_ISA_USAGE = YES_ERROR;
				CLANG_WARN_EMPTY_BODY = YES;
				CLANG_WARN_ENUM_CONVERSION = YES;
				CLANG_WARN_INT_CONVERSION = YES;
				CLANG_WARN_OBJC_ROOT_CLASS = YES_ERROR;
				CLANG_WARN__DUPLICATE_METHOD_MATCH = YES;
				"CODE_SIGN_IDENTITY[sdk=iphoneos*]" = "iPhone Developer";
				COPY_PHASE_STRIP = NO;
				GCC_C_LANGUAGE_STANDARD = gnu99;
				GCC_DYNAMIC_NO_PIC = NO;
				GCC_OPTIMIZATION_LEVEL = 0;
				GCC_PREPROCESSOR_DEFINITIONS = (
					"DEBUG=1",
					"$(inherited)",
				);
				GCC_SYMBOLS_PRIVATE_EXTERN = NO;
				GCC_WARN_64_TO_32_BIT_CONVERSION = YES;
				GCC_WARN_ABOUT_RETURN_TYPE = YES_ERROR;
				GCC_WARN_UNDECLARED_SELECTOR = YES;
				GCC_WARN_UNINITIALIZED_AUTOS = YES_AGGRESSIVE;
				GCC_WARN_UNUSED_FUNCTION = YES;
				GCC_WARN_UNUSED_VARIABLE = YES;
				IPHONEOS_DEPLOYMENT_TARGET = 7.1;
				ONLY_ACTIVE_ARCH = YES;
				SDKROOT = iphoneos;
			};
			name = Debug;
		};
		13ADFA6918E199BE0044B0D1 /* Release */ = {
			isa = XCBuildConfiguration;
			buildSettings = {
				ALWAYS_SEARCH_USER_PATHS = NO;
				CLANG_CXX_LANGUAGE_STANDARD = "gnu++0x";
				CLANG_CXX_LIBRARY = "libc++";
				CLANG_ENABLE_MODULES = YES;
				CLANG_ENABLE_OBJC_ARC = YES;
				CLANG_WARN_BOOL_CONVERSION = YES;
				CLANG_WARN_CONSTANT_CONVERSION = YES;
				CLANG_WARN_DIRECT_OBJC_ISA_USAGE = YES_ERROR;
				CLANG_WARN_EMPTY_BODY = YES;
				CLANG_WARN_ENUM_CONVERSION = YES;
				CLANG_WARN_INT_CONVERSION = YES;
				CLANG_WARN_OBJC_ROOT_CLASS = YES_ERROR;
				CLANG_WARN__DUPLICATE_METHOD_MATCH = YES;
				"CODE_SIGN_IDENTITY[sdk=iphoneos*]" = "iPhone Developer";
				COPY_PHASE_STRIP = YES;
				ENABLE_NS_ASSERTIONS = NO;
				GCC_C_LANGUAGE_STANDARD = gnu99;
				GCC_WARN_64_TO_32_BIT_CONVERSION = YES;
				GCC_WARN_ABOUT_RETURN_TYPE = YES_ERROR;
				GCC_WARN_UNDECLARED_SELECTOR = YES;
				GCC_WARN_UNINITIALIZED_AUTOS = YES_AGGRESSIVE;
				GCC_WARN_UNUSED_FUNCTION = YES;
				GCC_WARN_UNUSED_VARIABLE = YES;
				IPHONEOS_DEPLOYMENT_TARGET = 7.1;
				SDKROOT = iphoneos;
				VALIDATE_PRODUCT = YES;
			};
			name = Release;
		};
		13ADFA6B18E199BE0044B0D1 /* Debug */ = {
			isa = XCBuildConfiguration;
			buildSettings = {
				ASSETCATALOG_COMPILER_APPICON_NAME = AppIcon;
				ASSETCATALOG_COMPILER_LAUNCHIMAGE_NAME = LaunchImage;
				GCC_PRECOMPILE_PREFIX_HEADER = YES;
				GCC_PREFIX_HEADER = "TimerEx/TimerEx-Prefix.pch";
				INFOPLIST_FILE = "TimerEx/TimerEx-Info.plist";
				PRODUCT_NAME = "$(TARGET_NAME)";
				WRAPPER_EXTENSION = app;
			};
			name = Debug;
		};
		13ADFA6C18E199BE0044B0D1 /* Release */ = {
			isa = XCBuildConfiguration;
			buildSettings = {
				ASSETCATALOG_COMPILER_APPICON_NAME = AppIcon;
				ASSETCATALOG_COMPILER_LAUNCHIMAGE_NAME = LaunchImage;
				GCC_PRECOMPILE_PREFIX_HEADER = YES;
				GCC_PREFIX_HEADER = "TimerEx/TimerEx-Prefix.pch";
				INFOPLIST_FILE = "TimerEx/TimerEx-Info.plist";
				PRODUCT_NAME = "$(TARGET_NAME)";
				WRAPPER_EXTENSION = app;
			};
			name = Release;
		};
		13ADFA6E18E199BE0044B0D1 /* Debug */ = {
			isa = XCBuildConfiguration;
			buildSettings = {
				BUNDLE_LOADER = "$(BUILT_PRODUCTS_DIR)/TimerEx.app/TimerEx";
				FRAMEWORK_SEARCH_PATHS = (
					"$(SDKROOT)/Developer/Library/Frameworks",
					"$(inherited)",
					"$(DEVELOPER_FRAMEWORKS_DIR)",
				);
				GCC_PRECOMPILE_PREFIX_HEADER = YES;
				GCC_PREFIX_HEADER = "TimerEx/TimerEx-Prefix.pch";
				GCC_PREPROCESSOR_DEFINITIONS = (
					"DEBUG=1",
					"$(inherited)",
				);
				INFOPLIST_FILE = "TimerExTests/TimerExTests-Info.plist";
				PRODUCT_NAME = "$(TARGET_NAME)";
				TEST_HOST = "$(BUNDLE_LOADER)";
				WRAPPER_EXTENSION = xctest;
			};
			name = Debug;
		};
		13ADFA6F18E199BE0044B0D1 /* Release */ = {
			isa = XCBuildConfiguration;
			buildSettings = {
				BUNDLE_LOADER = "$(BUILT_PRODUCTS_DIR)/TimerEx.app/TimerEx";
				FRAMEWORK_SEARCH_PATHS = (
					"$(SDKROOT)/Developer/Library/Frameworks",
					"$(inherited)",
					"$(DEVELOPER_FRAMEWORKS_DIR)",
				);
				GCC_PRECOMPILE_PREFIX_HEADER = YES;
				GCC_PREFIX_HEADER = "TimerEx/TimerEx-Prefix.pch";
				INFOPLIST_FILE = "TimerExTests/TimerExTests-Info.plist";
				PRODUCT_NAME = "$(TARGET_NAME)";
				TEST_HOST = "$(BUNDLE_LOADER)";
				WRAPPER_EXTENSION = xctest;
			};
			name = Release;
		};
/* End XCBuildConfiguration section */

/* Begin XCConfigurationList section */
		13ADFA3318E199BE0044B0D1 /* Build configuration list for PBXProject "TimerEx" */ = {
			isa = XCConfigurationList;
			buildConfigurations = (
				13ADFA6818E199BE0044B0D1 /* Debug */,
				13ADFA6918E199BE0044B0D1 /* Release */,
			);
			defaultConfigurationIsVisible = 0;
			defaultConfigurationName = Release;
		};
		13ADFA6A18E199BE0044B0D1 /* Build configuration list for PBXNativeTarget "TimerEx" */ = {
			isa = XCConfigurationList;
			buildConfigurations = (
				13ADFA6B18E199BE0044B0D1 /* Debug */,
				13ADFA6C18E199BE0044B0D1 /* Release */,
			);
			defaultConfigurationIsVisible = 0;
		};
		13ADFA6D18E199BE0044B0D1 /* Build configuration list for PBXNativeTarget "TimerExTests" */ = {
			isa = XCConfigurationList;
			buildConfigurations = (
				13ADFA6E18E199BE0044B0D1 /* Debug */,
				13ADFA6F18E199BE0044B0D1 /* Release */,
			);
			defaultConfigurationIsVisible = 0;
		};
/* End XCConfigurationList section */
	};
	rootObject = 13ADFA3018E199BE0044B0D1 /* Project object */;
}
