// !$*UTF8*$!
{
	archiveVersion = 1;
	classes = {
	};
	objectVersion = 46;
	objects = {

/* Begin PBXBuildFile section */
		13B00B9F18E04C3100664042 /* Foundation.framework in Frameworks */ = {isa = PBXBuildFile; fileRef = 13B00B9E18E04C3100664042 /* Foundation.framework */; };
		13B00BA118E04C3100664042 /* CoreGraphics.framework in Frameworks */ = {isa = PBXBuildFile; fileRef = 13B00BA018E04C3100664042 /* CoreGraphics.framework */; };
		13B00BA318E04C3100664042 /* UIKit.framework in Frameworks */ = {isa = PBXBuildFile; fileRef = 13B00BA218E04C3100664042 /* UIKit.framework */; };
		13B00BA918E04C3100664042 /* InfoPlist.strings in Resources */ = {isa = PBXBuildFile; fileRef = 13B00BA718E04C3100664042 /* InfoPlist.strings */; };
		13B00BAB18E04C3100664042 /* main.m in Sources */ = {isa = PBXBuildFile; fileRef = 13B00BAA18E04C3100664042 /* main.m */; };
		13B00BAF18E04C3100664042 /* AppDelegate.m in Sources */ = {isa = PBXBuildFile; fileRef = 13B00BAE18E04C3100664042 /* AppDelegate.m */; };
		13B00BB218E04C3100664042 /* Main.storyboard in Resources */ = {isa = PBXBuildFile; fileRef = 13B00BB018E04C3100664042 /* Main.storyboard */; };
		13B00BB518E04C3100664042 /* ViewController.m in Sources */ = {isa = PBXBuildFile; fileRef = 13B00BB418E04C3100664042 /* ViewController.m */; };
		13B00BB718E04C3100664042 /* Images.xcassets in Resources */ = {isa = PBXBuildFile; fileRef = 13B00BB618E04C3100664042 /* Images.xcassets */; };
		13B00BBE18E04C3100664042 /* XCTest.framework in Frameworks */ = {isa = PBXBuildFile; fileRef = 13B00BBD18E04C3100664042 /* XCTest.framework */; };
		13B00BBF18E04C3100664042 /* Foundation.framework in Frameworks */ = {isa = PBXBuildFile; fileRef = 13B00B9E18E04C3100664042 /* Foundation.framework */; };
		13B00BC018E04C3100664042 /* UIKit.framework in Frameworks */ = {isa = PBXBuildFile; fileRef = 13B00BA218E04C3100664042 /* UIKit.framework */; };
		13B00BC818E04C3100664042 /* InfoPlist.strings in Resources */ = {isa = PBXBuildFile; fileRef = 13B00BC618E04C3100664042 /* InfoPlist.strings */; };
		13B00BCA18E04C3100664042 /* _2CandleZoomTests.m in Sources */ = {isa = PBXBuildFile; fileRef = 13B00BC918E04C3100664042 /* _2CandleZoomTests.m */; };
		13B00BD518E0539D00664042 /* candle_off.jpg in Resources */ = {isa = PBXBuildFile; fileRef = 13B00BD318E0539D00664042 /* candle_off.jpg */; };
		13B00BD618E0539D00664042 /* candle_on.jpg in Resources */ = {isa = PBXBuildFile; fileRef = 13B00BD418E0539D00664042 /* candle_on.jpg */; };
/* End PBXBuildFile section */

/* Begin PBXContainerItemProxy section */
		13B00BC118E04C3100664042 /* PBXContainerItemProxy */ = {
			isa = PBXContainerItemProxy;
			containerPortal = 13B00B9318E04C3100664042 /* Project object */;
			proxyType = 1;
			remoteGlobalIDString = 13B00B9A18E04C3100664042;
			remoteInfo = 02CandleZoom;
		};
/* End PBXContainerItemProxy section */

/* Begin PBXFileReference section */
		13B00B9B18E04C3100664042 /* 02CandleZoom.app */ = {isa = PBXFileReference; explicitFileType = wrapper.application; includeInIndex = 0; path = 02CandleZoom.app; sourceTree = BUILT_PRODUCTS_DIR; };
		13B00B9E18E04C3100664042 /* Foundation.framework */ = {isa = PBXFileReference; lastKnownFileType = wrapper.framework; name = Foundation.framework; path = System/Library/Frameworks/Foundation.framework; sourceTree = SDKROOT; };
		13B00BA018E04C3100664042 /* CoreGraphics.framework */ = {isa = PBXFileReference; lastKnownFileType = wrapper.framework; name = CoreGraphics.framework; path = System/Library/Frameworks/CoreGraphics.framework; sourceTree = SDKROOT; };
		13B00BA218E04C3100664042 /* UIKit.framework */ = {isa = PBXFileReference; lastKnownFileType = wrapper.framework; name = UIKit.framework; path = System/Library/Frameworks/UIKit.framework; sourceTree = SDKROOT; };
		13B00BA618E04C3100664042 /* 02CandleZoom-Info.plist */ = {isa = PBXFileReference; lastKnownFileType = text.plist.xml; path = "02CandleZoom-Info.plist"; sourceTree = "<group>"; };
		13B00BA818E04C3100664042 /* en */ = {isa = PBXFileReference; lastKnownFileType = text.plist.strings; name = en; path = en.lproj/InfoPlist.strings; sourceTree = "<group>"; };
		13B00BAA18E04C3100664042 /* main.m */ = {isa = PBXFileReference; lastKnownFileType = sourcecode.c.objc; path = main.m; sourceTree = "<group>"; };
		13B00BAC18E04C3100664042 /* 02CandleZoom-Prefix.pch */ = {isa = PBXFileReference; lastKnownFileType = sourcecode.c.h; path = "02CandleZoom-Prefix.pch"; sourceTree = "<group>"; };
		13B00BAD18E04C3100664042 /* AppDelegate.h */ = {isa = PBXFileReference; lastKnownFileType = sourcecode.c.h; path = AppDelegate.h; sourceTree = "<group>"; };
		13B00BAE18E04C3100664042 /* AppDelegate.m */ = {isa = PBXFileReference; lastKnownFileType = sourcecode.c.objc; path = AppDelegate.m; sourceTree = "<group>"; };
		13B00BB118E04C3100664042 /* Base */ = {isa = PBXFileReference; lastKnownFileType = file.storyboard; name = Base; path = Base.lproj/Main.storyboard; sourceTree = "<group>"; };
		13B00BB318E04C3100664042 /* ViewController.h */ = {isa = PBXFileReference; lastKnownFileType = sourcecode.c.h; path = ViewController.h; sourceTree = "<group>"; };
		13B00BB418E04C3100664042 /* ViewController.m */ = {isa = PBXFileReference; lastKnownFileType = sourcecode.c.objc; path = ViewController.m; sourceTree = "<group>"; };
		13B00BB618E04C3100664042 /* Images.xcassets */ = {isa = PBXFileReference; lastKnownFileType = folder.assetcatalog; path = Images.xcassets; sourceTree = "<group>"; };
		13B00BBC18E04C3100664042 /* 02CandleZoomTests.xctest */ = {isa = PBXFileReference; explicitFileType = wrapper.cfbundle; includeInIndex = 0; path = 02CandleZoomTests.xctest; sourceTree = BUILT_PRODUCTS_DIR; };
		13B00BBD18E04C3100664042 /* XCTest.framework */ = {isa = PBXFileReference; lastKnownFileType = wrapper.framework; name = XCTest.framework; path = Library/Frameworks/XCTest.framework; sourceTree = DEVELOPER_DIR; };
		13B00BC518E04C3100664042 /* 02CandleZoomTests-Info.plist */ = {isa = PBXFileReference; lastKnownFileType = text.plist.xml; path = "02CandleZoomTests-Info.plist"; sourceTree = "<group>"; };
		13B00BC718E04C3100664042 /* en */ = {isa = PBXFileReference; lastKnownFileType = text.plist.strings; name = en; path = en.lproj/InfoPlist.strings; sourceTree = "<group>"; };
		13B00BC918E04C3100664042 /* _2CandleZoomTests.m */ = {isa = PBXFileReference; lastKnownFileType = sourcecode.c.objc; path = _2CandleZoomTests.m; sourceTree = "<group>"; };
		13B00BD318E0539D00664042 /* candle_off.jpg */ = {isa = PBXFileReference; lastKnownFileType = image.jpeg; path = candle_off.jpg; sourceTree = "<group>"; };
		13B00BD418E0539D00664042 /* candle_on.jpg */ = {isa = PBXFileReference; lastKnownFileType = image.jpeg; path = candle_on.jpg; sourceTree = "<group>"; };
/* End PBXFileReference section */

/* Begin PBXFrameworksBuildPhase section */
		13B00B9818E04C3100664042 /* Frameworks */ = {
			isa = PBXFrameworksBuildPhase;
			buildActionMask = 2147483647;
			files = (
				13B00BA118E04C3100664042 /* CoreGraphics.framework in Frameworks */,
				13B00BA318E04C3100664042 /* UIKit.framework in Frameworks */,
				13B00B9F18E04C3100664042 /* Foundation.framework in Frameworks */,
			);
			runOnlyForDeploymentPostprocessing = 0;
		};
		13B00BB918E04C3100664042 /* Frameworks */ = {
			isa = PBXFrameworksBuildPhase;
			buildActionMask = 2147483647;
			files = (
				13B00BBE18E04C3100664042 /* XCTest.framework in Frameworks */,
				13B00BC018E04C3100664042 /* UIKit.framework in Frameworks */,
				13B00BBF18E04C3100664042 /* Foundation.framework in Frameworks */,
			);
			runOnlyForDeploymentPostprocessing = 0;
		};
/* End PBXFrameworksBuildPhase section */

/* Begin PBXGroup section */
		13B00B9218E04C3100664042 = {
			isa = PBXGroup;
			children = (
				13B00BA418E04C3100664042 /* 02CandleZoom */,
				13B00BC318E04C3100664042 /* 02CandleZoomTests */,
				13B00B9D18E04C3100664042 /* Frameworks */,
				13B00B9C18E04C3100664042 /* Products */,
			);
			sourceTree = "<group>";
		};
		13B00B9C18E04C3100664042 /* Products */ = {
			isa = PBXGroup;
			children = (
				13B00B9B18E04C3100664042 /* 02CandleZoom.app */,
				13B00BBC18E04C3100664042 /* 02CandleZoomTests.xctest */,
			);
			name = Products;
			sourceTree = "<group>";
		};
		13B00B9D18E04C3100664042 /* Frameworks */ = {
			isa = PBXGroup;
			children = (
				13B00B9E18E04C3100664042 /* Foundation.framework */,
				13B00BA018E04C3100664042 /* CoreGraphics.framework */,
				13B00BA218E04C3100664042 /* UIKit.framework */,
				13B00BBD18E04C3100664042 /* XCTest.framework */,
			);
			name = Frameworks;
			sourceTree = "<group>";
		};
		13B00BA418E04C3100664042 /* 02CandleZoom */ = {
			isa = PBXGroup;
			children = (
				13B00BD318E0539D00664042 /* candle_off.jpg */,
				13B00BD418E0539D00664042 /* candle_on.jpg */,
				13B00BAD18E04C3100664042 /* AppDelegate.h */,
				13B00BAE18E04C3100664042 /* AppDelegate.m */,
				13B00BB018E04C3100664042 /* Main.storyboard */,
				13B00BB318E04C3100664042 /* ViewController.h */,
				13B00BB418E04C3100664042 /* ViewController.m */,
				13B00BB618E04C3100664042 /* Images.xcassets */,
				13B00BA518E04C3100664042 /* Supporting Files */,
			);
			path = 02CandleZoom;
			sourceTree = "<group>";
		};
		13B00BA518E04C3100664042 /* Supporting Files */ = {
			isa = PBXGroup;
			children = (
				13B00BA618E04C3100664042 /* 02CandleZoom-Info.plist */,
				13B00BA718E04C3100664042 /* InfoPlist.strings */,
				13B00BAA18E04C3100664042 /* main.m */,
				13B00BAC18E04C3100664042 /* 02CandleZoom-Prefix.pch */,
			);
			name = "Supporting Files";
			sourceTree = "<group>";
		};
		13B00BC318E04C3100664042 /* 02CandleZoomTests */ = {
			isa = PBXGroup;
			children = (
				13B00BC918E04C3100664042 /* _2CandleZoomTests.m */,
				13B00BC418E04C3100664042 /* Supporting Files */,
			);
			path = 02CandleZoomTests;
			sourceTree = "<group>";
		};
		13B00BC418E04C3100664042 /* Supporting Files */ = {
			isa = PBXGroup;
			children = (
				13B00BC518E04C3100664042 /* 02CandleZoomTests-Info.plist */,
				13B00BC618E04C3100664042 /* InfoPlist.strings */,
			);
			name = "Supporting Files";
			sourceTree = "<group>";
		};
/* End PBXGroup section */

/* Begin PBXNativeTarget section */
		13B00B9A18E04C3100664042 /* 02CandleZoom */ = {
			isa = PBXNativeTarget;
			buildConfigurationList = 13B00BCD18E04C3100664042 /* Build configuration list for PBXNativeTarget "02CandleZoom" */;
			buildPhases = (
				13B00B9718E04C3100664042 /* Sources */,
				13B00B9818E04C3100664042 /* Frameworks */,
				13B00B9918E04C3100664042 /* Resources */,
			);
			buildRules = (
			);
			dependencies = (
			);
			name = 02CandleZoom;
			productName = 02CandleZoom;
			productReference = 13B00B9B18E04C3100664042 /* 02CandleZoom.app */;
			productType = "com.apple.product-type.application";
		};
		13B00BBB18E04C3100664042 /* 02CandleZoomTests */ = {
			isa = PBXNativeTarget;
			buildConfigurationList = 13B00BD018E04C3100664042 /* Build configuration list for PBXNativeTarget "02CandleZoomTests" */;
			buildPhases = (
				13B00BB818E04C3100664042 /* Sources */,
				13B00BB918E04C3100664042 /* Frameworks */,
				13B00BBA18E04C3100664042 /* Resources */,
			);
			buildRules = (
			);
			dependencies = (
				13B00BC218E04C3100664042 /* PBXTargetDependency */,
			);
			name = 02CandleZoomTests;
			productName = 02CandleZoomTests;
			productReference = 13B00BBC18E04C3100664042 /* 02CandleZoomTests.xctest */;
			productType = "com.apple.product-type.bundle.unit-test";
		};
/* End PBXNativeTarget section */

/* Begin PBXProject section */
		13B00B9318E04C3100664042 /* Project object */ = {
			isa = PBXProject;
			attributes = {
				LastUpgradeCheck = 0510;
				ORGANIZATIONNAME = "저녁반";
				TargetAttributes = {
					13B00BBB18E04C3100664042 = {
						TestTargetID = 13B00B9A18E04C3100664042;
					};
				};
			};
			buildConfigurationList = 13B00B9618E04C3100664042 /* Build configuration list for PBXProject "02CandleZoom" */;
			compatibilityVersion = "Xcode 3.2";
			developmentRegion = English;
			hasScannedForEncodings = 0;
			knownRegions = (
				en,
				Base,
			);
			mainGroup = 13B00B9218E04C3100664042;
			productRefGroup = 13B00B9C18E04C3100664042 /* Products */;
			projectDirPath = "";
			projectRoot = "";
			targets = (
				13B00B9A18E04C3100664042 /* 02CandleZoom */,
				13B00BBB18E04C3100664042 /* 02CandleZoomTests */,
			);
		};
/* End PBXProject section */

/* Begin PBXResourcesBuildPhase section */
		13B00B9918E04C3100664042 /* Resources */ = {
			isa = PBXResourcesBuildPhase;
			buildActionMask = 2147483647;
			files = (
				13B00BB718E04C3100664042 /* Images.xcassets in Resources */,
				13B00BA918E04C3100664042 /* InfoPlist.strings in Resources */,
				13B00BD518E0539D00664042 /* candle_off.jpg in Resources */,
				13B00BD618E0539D00664042 /* candle_on.jpg in Resources */,
				13B00BB218E04C3100664042 /* Main.storyboard in Resources */,
			);
			runOnlyForDeploymentPostprocessing = 0;
		};
		13B00BBA18E04C3100664042 /* Resources */ = {
			isa = PBXResourcesBuildPhase;
			buildActionMask = 2147483647;
			files = (
				13B00BC818E04C3100664042 /* InfoPlist.strings in Resources */,
			);
			runOnlyForDeploymentPostprocessing = 0;
		};
/* End PBXResourcesBuildPhase section */

/* Begin PBXSourcesBuildPhase section */
		13B00B9718E04C3100664042 /* Sources */ = {
			isa = PBXSourcesBuildPhase;
			buildActionMask = 2147483647;
			files = (
				13B00BB518E04C3100664042 /* ViewController.m in Sources */,
				13B00BAF18E04C3100664042 /* AppDelegate.m in Sources */,
				13B00BAB18E04C3100664042 /* main.m in Sources */,
			);
			runOnlyForDeploymentPostprocessing = 0;
		};
		13B00BB818E04C3100664042 /* Sources */ = {
			isa = PBXSourcesBuildPhase;
			buildActionMask = 2147483647;
			files = (
				13B00BCA18E04C3100664042 /* _2CandleZoomTests.m in Sources */,
			);
			runOnlyForDeploymentPostprocessing = 0;
		};
/* End PBXSourcesBuildPhase section */

/* Begin PBXTargetDependency section */
		13B00BC218E04C3100664042 /* PBXTargetDependency */ = {
			isa = PBXTargetDependency;
			target = 13B00B9A18E04C3100664042 /* 02CandleZoom */;
			targetProxy = 13B00BC118E04C3100664042 /* PBXContainerItemProxy */;
		};
/* End PBXTargetDependency section */

/* Begin PBXVariantGroup section */
		13B00BA718E04C3100664042 /* InfoPlist.strings */ = {
			isa = PBXVariantGroup;
			children = (
				13B00BA818E04C3100664042 /* en */,
			);
			name = InfoPlist.strings;
			sourceTree = "<group>";
		};
		13B00BB018E04C3100664042 /* Main.storyboard */ = {
			isa = PBXVariantGroup;
			children = (
				13B00BB118E04C3100664042 /* Base */,
			);
			name = Main.storyboard;
			sourceTree = "<group>";
		};
		13B00BC618E04C3100664042 /* InfoPlist.strings */ = {
			isa = PBXVariantGroup;
			children = (
				13B00BC718E04C3100664042 /* en */,
			);
			name = InfoPlist.strings;
			sourceTree = "<group>";
		};
/* End PBXVariantGroup section */

/* Begin XCBuildConfiguration section */
		13B00BCB18E04C3100664042 /* Debug */ = {
			isa = XCBuildConfiguration;
			buildSettings = {
				ALWAYS_SEARCH_USER_PATHS = NO;
				CLANG_CXX_LANGUAGE_STANDARD = "gnu++0x";
				CLANG_CXX_LIBRARY = "libc++";
				CLANG_ENABLE_MODULES = YES;
				CLANG_ENABLE_OBJC_ARC = YES;
				CLANG_WARN_BOOL_CONVERSION = YES;
				CLANG_WARN_CONSTANT_CONVERSION = YES;
				CLANG_WARN_DIRECT_OBJC_ISA_USAGE = YES_ERROR;
				CLANG_WARN_EMPTY_BODY = YES;
				CLANG_WARN_ENUM_CONVERSION = YES;
				CLANG_WARN_INT_CONVERSION = YES;
				CLANG_WARN_OBJC_ROOT_CLASS = YES_ERROR;
				CLANG_WARN__DUPLICATE_METHOD_MATCH = YES;
				"CODE_SIGN_IDENTITY[sdk=iphoneos*]" = "iPhone Developer";
				COPY_PHASE_STRIP = NO;
				GCC_C_LANGUAGE_STANDARD = gnu99;
				GCC_DYNAMIC_NO_PIC = NO;
				GCC_OPTIMIZATION_LEVEL = 0;
				GCC_PREPROCESSOR_DEFINITIONS = (
					"DEBUG=1",
					"$(inherited)",
				);
				GCC_SYMBOLS_PRIVATE_EXTERN = NO;
				GCC_WARN_64_TO_32_BIT_CONVERSION = YES;
				GCC_WARN_ABOUT_RETURN_TYPE = YES_ERROR;
				GCC_WARN_UNDECLARED_SELECTOR = YES;
				GCC_WARN_UNINITIALIZED_AUTOS = YES_AGGRESSIVE;
				GCC_WARN_UNUSED_FUNCTION = YES;
				GCC_WARN_UNUSED_VARIABLE = YES;
				IPHONEOS_DEPLOYMENT_TARGET = 7.1;
				ONLY_ACTIVE_ARCH = YES;
				SDKROOT = iphoneos;
			};
			name = Debug;
		};
		13B00BCC18E04C3100664042 /* Release */ = {
			isa = XCBuildConfiguration;
			buildSettings = {
				ALWAYS_SEARCH_USER_PATHS = NO;
				CLANG_CXX_LANGUAGE_STANDARD = "gnu++0x";
				CLANG_CXX_LIBRARY = "libc++";
				CLANG_ENABLE_MODULES = YES;
				CLANG_ENABLE_OBJC_ARC = YES;
				CLANG_WARN_BOOL_CONVERSION = YES;
				CLANG_WARN_CONSTANT_CONVERSION = YES;
				CLANG_WARN_DIRECT_OBJC_ISA_USAGE = YES_ERROR;
				CLANG_WARN_EMPTY_BODY = YES;
				CLANG_WARN_ENUM_CONVERSION = YES;
				CLANG_WARN_INT_CONVERSION = YES;
				CLANG_WARN_OBJC_ROOT_CLASS = YES_ERROR;
				CLANG_WARN__DUPLICATE_METHOD_MATCH = YES;
				"CODE_SIGN_IDENTITY[sdk=iphoneos*]" = "iPhone Developer";
				COPY_PHASE_STRIP = YES;
				ENABLE_NS_ASSERTIONS = NO;
				GCC_C_LANGUAGE_STANDARD = gnu99;
				GCC_WARN_64_TO_32_BIT_CONVERSION = YES;
				GCC_WARN_ABOUT_RETURN_TYPE = YES_ERROR;
				GCC_WARN_UNDECLARED_SELECTOR = YES;
				GCC_WARN_UNINITIALIZED_AUTOS = YES_AGGRESSIVE;
				GCC_WARN_UNUSED_FUNCTION = YES;
				GCC_WARN_UNUSED_VARIABLE = YES;
				IPHONEOS_DEPLOYMENT_TARGET = 7.1;
				SDKROOT = iphoneos;
				VALIDATE_PRODUCT = YES;
			};
			name = Release;
		};
		13B00BCE18E04C3100664042 /* Debug */ = {
			isa = XCBuildConfiguration;
			buildSettings = {
				ASSETCATALOG_COMPILER_APPICON_NAME = AppIcon;
				ASSETCATALOG_COMPILER_LAUNCHIMAGE_NAME = LaunchImage;
				GCC_PRECOMPILE_PREFIX_HEADER = YES;
				GCC_PREFIX_HEADER = "02CandleZoom/02CandleZoom-Prefix.pch";
				INFOPLIST_FILE = "02CandleZoom/02CandleZoom-Info.plist";
				PRODUCT_NAME = "$(TARGET_NAME)";
				WRAPPER_EXTENSION = app;
			};
			name = Debug;
		};
		13B00BCF18E04C3100664042 /* Release */ = {
			isa = XCBuildConfiguration;
			buildSettings = {
				ASSETCATALOG_COMPILER_APPICON_NAME = AppIcon;
				ASSETCATALOG_COMPILER_LAUNCHIMAGE_NAME = LaunchImage;
				GCC_PRECOMPILE_PREFIX_HEADER = YES;
				GCC_PREFIX_HEADER = "02CandleZoom/02CandleZoom-Prefix.pch";
				INFOPLIST_FILE = "02CandleZoom/02CandleZoom-Info.plist";
				PRODUCT_NAME = "$(TARGET_NAME)";
				WRAPPER_EXTENSION = app;
			};
			name = Release;
		};
		13B00BD118E04C3100664042 /* Debug */ = {
			isa = XCBuildConfiguration;
			buildSettings = {
				BUNDLE_LOADER = "$(BUILT_PRODUCTS_DIR)/02CandleZoom.app/02CandleZoom";
				FRAMEWORK_SEARCH_PATHS = (
					"$(SDKROOT)/Developer/Library/Frameworks",
					"$(inherited)",
					"$(DEVELOPER_FRAMEWORKS_DIR)",
				);
				GCC_PRECOMPILE_PREFIX_HEADER = YES;
				GCC_PREFIX_HEADER = "02CandleZoom/02CandleZoom-Prefix.pch";
				GCC_PREPROCESSOR_DEFINITIONS = (
					"DEBUG=1",
					"$(inherited)",
				);
				INFOPLIST_FILE = "02CandleZoomTests/02CandleZoomTests-Info.plist";
				PRODUCT_NAME = "$(TARGET_NAME)";
				TEST_HOST = "$(BUNDLE_LOADER)";
				WRAPPER_EXTENSION = xctest;
			};
			name = Debug;
		};
		13B00BD218E04C3100664042 /* Release */ = {
			isa = XCBuildConfiguration;
			buildSettings = {
				BUNDLE_LOADER = "$(BUILT_PRODUCTS_DIR)/02CandleZoom.app/02CandleZoom";
				FRAMEWORK_SEARCH_PATHS = (
					"$(SDKROOT)/Developer/Library/Frameworks",
					"$(inherited)",
					"$(DEVELOPER_FRAMEWORKS_DIR)",
				);
				GCC_PRECOMPILE_PREFIX_HEADER = YES;
				GCC_PREFIX_HEADER = "02CandleZoom/02CandleZoom-Prefix.pch";
				INFOPLIST_FILE = "02CandleZoomTests/02CandleZoomTests-Info.plist";
				PRODUCT_NAME = "$(TARGET_NAME)";
				TEST_HOST = "$(BUNDLE_LOADER)";
				WRAPPER_EXTENSION = xctest;
			};
			name = Release;
		};
/* End XCBuildConfiguration section */

/* Begin XCConfigurationList section */
		13B00B9618E04C3100664042 /* Build configuration list for PBXProject "02CandleZoom" */ = {
			isa = XCConfigurationList;
			buildConfigurations = (
				13B00BCB18E04C3100664042 /* Debug */,
				13B00BCC18E04C3100664042 /* Release */,
			);
			defaultConfigurationIsVisible = 0;
			defaultConfigurationName = Release;
		};
		13B00BCD18E04C3100664042 /* Build configuration list for PBXNativeTarget "02CandleZoom" */ = {
			isa = XCConfigurationList;
			buildConfigurations = (
				13B00BCE18E04C3100664042 /* Debug */,
				13B00BCF18E04C3100664042 /* Release */,
			);
			defaultConfigurationIsVisible = 0;
		};
		13B00BD018E04C3100664042 /* Build configuration list for PBXNativeTarget "02CandleZoomTests" */ = {
			isa = XCConfigurationList;
			buildConfigurations = (
				13B00BD118E04C3100664042 /* Debug */,
				13B00BD218E04C3100664042 /* Release */,
			);
			defaultConfigurationIsVisible = 0;
		};
/* End XCConfigurationList section */
	};
	rootObject = 13B00B9318E04C3100664042 /* Project object */;
}
