// !$*UTF8*$!
{
	archiveVersion = 1;
	classes = {
	};
	objectVersion = 46;
	objects = {

/* Begin PBXBuildFile section */
		13ADFA2E18E198A80044B0D1 /* butbackgraydisabled.png in Resources */ = {isa = PBXBuildFile; fileRef = 13ADFA2D18E198A80044B0D1 /* butbackgraydisabled.png */; };
		13E9DB2918E0581D0024351B /* Foundation.framework in Frameworks */ = {isa = PBXBuildFile; fileRef = 13E9DB2818E0581D0024351B /* Foundation.framework */; };
		13E9DB2B18E0581D0024351B /* CoreGraphics.framework in Frameworks */ = {isa = PBXBuildFile; fileRef = 13E9DB2A18E0581D0024351B /* CoreGraphics.framework */; };
		13E9DB2D18E0581D0024351B /* UIKit.framework in Frameworks */ = {isa = PBXBuildFile; fileRef = 13E9DB2C18E0581D0024351B /* UIKit.framework */; };
		13E9DB3318E0581D0024351B /* InfoPlist.strings in Resources */ = {isa = PBXBuildFile; fileRef = 13E9DB3118E0581D0024351B /* InfoPlist.strings */; };
		13E9DB3518E0581D0024351B /* main.m in Sources */ = {isa = PBXBuildFile; fileRef = 13E9DB3418E0581D0024351B /* main.m */; };
		13E9DB3918E0581D0024351B /* AppDelegate.m in Sources */ = {isa = PBXBuildFile; fileRef = 13E9DB3818E0581D0024351B /* AppDelegate.m */; };
		13E9DB3C18E0581E0024351B /* Main.storyboard in Resources */ = {isa = PBXBuildFile; fileRef = 13E9DB3A18E0581E0024351B /* Main.storyboard */; };
		13E9DB3F18E0581E0024351B /* ViewController.m in Sources */ = {isa = PBXBuildFile; fileRef = 13E9DB3E18E0581E0024351B /* ViewController.m */; };
		13E9DB4118E0581E0024351B /* Images.xcassets in Resources */ = {isa = PBXBuildFile; fileRef = 13E9DB4018E0581E0024351B /* Images.xcassets */; };
		13E9DB4818E0581E0024351B /* XCTest.framework in Frameworks */ = {isa = PBXBuildFile; fileRef = 13E9DB4718E0581E0024351B /* XCTest.framework */; };
		13E9DB4918E0581E0024351B /* Foundation.framework in Frameworks */ = {isa = PBXBuildFile; fileRef = 13E9DB2818E0581D0024351B /* Foundation.framework */; };
		13E9DB4A18E0581E0024351B /* UIKit.framework in Frameworks */ = {isa = PBXBuildFile; fileRef = 13E9DB2C18E0581D0024351B /* UIKit.framework */; };
		13E9DB5218E0581E0024351B /* InfoPlist.strings in Resources */ = {isa = PBXBuildFile; fileRef = 13E9DB5018E0581E0024351B /* InfoPlist.strings */; };
		13E9DB5418E0581E0024351B /* _3LavelTimerTests.m in Sources */ = {isa = PBXBuildFile; fileRef = 13E9DB5318E0581E0024351B /* _3LavelTimerTests.m */; };
		13E9DB5F18E066AF0024351B /* btn_01.png in Resources */ = {isa = PBXBuildFile; fileRef = 13E9DB5D18E066AF0024351B /* btn_01.png */; };
		13E9DB6018E066AF0024351B /* btn_02.png in Resources */ = {isa = PBXBuildFile; fileRef = 13E9DB5E18E066AF0024351B /* btn_02.png */; };
		13E9DB6318E068C00024351B /* UIColor+Random.m in Sources */ = {isa = PBXBuildFile; fileRef = 13E9DB6218E068C00024351B /* UIColor+Random.m */; };
/* End PBXBuildFile section */

/* Begin PBXContainerItemProxy section */
		13E9DB4B18E0581E0024351B /* PBXContainerItemProxy */ = {
			isa = PBXContainerItemProxy;
			containerPortal = 13E9DB1D18E0581D0024351B /* Project object */;
			proxyType = 1;
			remoteGlobalIDString = 13E9DB2418E0581D0024351B;
			remoteInfo = 03LavelTimer;
		};
/* End PBXContainerItemProxy section */

/* Begin PBXFileReference section */
		13ADFA2D18E198A80044B0D1 /* butbackgraydisabled.png */ = {isa = PBXFileReference; lastKnownFileType = image.png; path = butbackgraydisabled.png; sourceTree = "<group>"; };
		13E9DB2518E0581D0024351B /* 03LavelTimer.app */ = {isa = PBXFileReference; explicitFileType = wrapper.application; includeInIndex = 0; path = 03LavelTimer.app; sourceTree = BUILT_PRODUCTS_DIR; };
		13E9DB2818E0581D0024351B /* Foundation.framework */ = {isa = PBXFileReference; lastKnownFileType = wrapper.framework; name = Foundation.framework; path = System/Library/Frameworks/Foundation.framework; sourceTree = SDKROOT; };
		13E9DB2A18E0581D0024351B /* CoreGraphics.framework */ = {isa = PBXFileReference; lastKnownFileType = wrapper.framework; name = CoreGraphics.framework; path = System/Library/Frameworks/CoreGraphics.framework; sourceTree = SDKROOT; };
		13E9DB2C18E0581D0024351B /* UIKit.framework */ = {isa = PBXFileReference; lastKnownFileType = wrapper.framework; name = UIKit.framework; path = System/Library/Frameworks/UIKit.framework; sourceTree = SDKROOT; };
		13E9DB3018E0581D0024351B /* 03LavelTimer-Info.plist */ = {isa = PBXFileReference; lastKnownFileType = text.plist.xml; path = "03LavelTimer-Info.plist"; sourceTree = "<group>"; };
		13E9DB3218E0581D0024351B /* en */ = {isa = PBXFileReference; lastKnownFileType = text.plist.strings; name = en; path = en.lproj/InfoPlist.strings; sourceTree = "<group>"; };
		13E9DB3418E0581D0024351B /* main.m */ = {isa = PBXFileReference; lastKnownFileType = sourcecode.c.objc; path = main.m; sourceTree = "<group>"; };
		13E9DB3618E0581D0024351B /* 03LavelTimer-Prefix.pch */ = {isa = PBXFileReference; lastKnownFileType = sourcecode.c.h; path = "03LavelTimer-Prefix.pch"; sourceTree = "<group>"; };
		13E9DB3718E0581D0024351B /* AppDelegate.h */ = {isa = PBXFileReference; lastKnownFileType = sourcecode.c.h; path = AppDelegate.h; sourceTree = "<group>"; };
		13E9DB3818E0581D0024351B /* AppDelegate.m */ = {isa = PBXFileReference; lastKnownFileType = sourcecode.c.objc; path = AppDelegate.m; sourceTree = "<group>"; };
		13E9DB3B18E0581E0024351B /* Base */ = {isa = PBXFileReference; lastKnownFileType = file.storyboard; name = Base; path = Base.lproj/Main.storyboard; sourceTree = "<group>"; };
		13E9DB3D18E0581E0024351B /* ViewController.h */ = {isa = PBXFileReference; lastKnownFileType = sourcecode.c.h; path = ViewController.h; sourceTree = "<group>"; };
		13E9DB3E18E0581E0024351B /* ViewController.m */ = {isa = PBXFileReference; lastKnownFileType = sourcecode.c.objc; path = ViewController.m; sourceTree = "<group>"; };
		13E9DB4018E0581E0024351B /* Images.xcassets */ = {isa = PBXFileReference; lastKnownFileType = folder.assetcatalog; path = Images.xcassets; sourceTree = "<group>"; };
		13E9DB4618E0581E0024351B /* 03LavelTimerTests.xctest */ = {isa = PBXFileReference; explicitFileType = wrapper.cfbundle; includeInIndex = 0; path = 03LavelTimerTests.xctest; sourceTree = BUILT_PRODUCTS_DIR; };
		13E9DB4718E0581E0024351B /* XCTest.framework */ = {isa = PBXFileReference; lastKnownFileType = wrapper.framework; name = XCTest.framework; path = Library/Frameworks/XCTest.framework; sourceTree = DEVELOPER_DIR; };
		13E9DB4F18E0581E0024351B /* 03LavelTimerTests-Info.plist */ = {isa = PBXFileReference; lastKnownFileType = text.plist.xml; path = "03LavelTimerTests-Info.plist"; sourceTree = "<group>"; };
		13E9DB5118E0581E0024351B /* en */ = {isa = PBXFileReference; lastKnownFileType = text.plist.strings; name = en; path = en.lproj/InfoPlist.strings; sourceTree = "<group>"; };
		13E9DB5318E0581E0024351B /* _3LavelTimerTests.m */ = {isa = PBXFileReference; lastKnownFileType = sourcecode.c.objc; path = _3LavelTimerTests.m; sourceTree = "<group>"; };
		13E9DB5D18E066AF0024351B /* btn_01.png */ = {isa = PBXFileReference; lastKnownFileType = image.png; path = btn_01.png; sourceTree = "<group>"; };
		13E9DB5E18E066AF0024351B /* btn_02.png */ = {isa = PBXFileReference; lastKnownFileType = image.png; path = btn_02.png; sourceTree = "<group>"; };
		13E9DB6118E068C00024351B /* UIColor+Random.h */ = {isa = PBXFileReference; fileEncoding = 4; lastKnownFileType = sourcecode.c.h; path = "UIColor+Random.h"; sourceTree = "<group>"; };
		13E9DB6218E068C00024351B /* UIColor+Random.m */ = {isa = PBXFileReference; fileEncoding = 4; lastKnownFileType = sourcecode.c.objc; path = "UIColor+Random.m"; sourceTree = "<group>"; };
/* End PBXFileReference section */

/* Begin PBXFrameworksBuildPhase section */
		13E9DB2218E0581D0024351B /* Frameworks */ = {
			isa = PBXFrameworksBuildPhase;
			buildActionMask = 2147483647;
			files = (
				13E9DB2B18E0581D0024351B /* CoreGraphics.framework in Frameworks */,
				13E9DB2D18E0581D0024351B /* UIKit.framework in Frameworks */,
				13E9DB2918E0581D0024351B /* Foundation.framework in Frameworks */,
			);
			runOnlyForDeploymentPostprocessing = 0;
		};
		13E9DB4318E0581E0024351B /* Frameworks */ = {
			isa = PBXFrameworksBuildPhase;
			buildActionMask = 2147483647;
			files = (
				13E9DB4818E0581E0024351B /* XCTest.framework in Frameworks */,
				13E9DB4A18E0581E0024351B /* UIKit.framework in Frameworks */,
				13E9DB4918E0581E0024351B /* Foundation.framework in Frameworks */,
			);
			runOnlyForDeploymentPostprocessing = 0;
		};
/* End PBXFrameworksBuildPhase section */

/* Begin PBXGroup section */
		13E9DB1C18E0581D0024351B = {
			isa = PBXGroup;
			children = (
				13E9DB2E18E0581D0024351B /* 03LavelTimer */,
				13E9DB4D18E0581E0024351B /* 03LavelTimerTests */,
				13E9DB2718E0581D0024351B /* Frameworks */,
				13E9DB2618E0581D0024351B /* Products */,
			);
			sourceTree = "<group>";
		};
		13E9DB2618E0581D0024351B /* Products */ = {
			isa = PBXGroup;
			children = (
				13E9DB2518E0581D0024351B /* 03LavelTimer.app */,
				13E9DB4618E0581E0024351B /* 03LavelTimerTests.xctest */,
			);
			name = Products;
			sourceTree = "<group>";
		};
		13E9DB2718E0581D0024351B /* Frameworks */ = {
			isa = PBXGroup;
			children = (
				13E9DB2818E0581D0024351B /* Foundation.framework */,
				13E9DB2A18E0581D0024351B /* CoreGraphics.framework */,
				13E9DB2C18E0581D0024351B /* UIKit.framework */,
				13E9DB4718E0581E0024351B /* XCTest.framework */,
			);
			name = Frameworks;
			sourceTree = "<group>";
		};
		13E9DB2E18E0581D0024351B /* 03LavelTimer */ = {
			isa = PBXGroup;
			children = (
				13ADFA2D18E198A80044B0D1 /* butbackgraydisabled.png */,
				13E9DB5D18E066AF0024351B /* btn_01.png */,
				13E9DB5E18E066AF0024351B /* btn_02.png */,
				13E9DB3718E0581D0024351B /* AppDelegate.h */,
				13E9DB3818E0581D0024351B /* AppDelegate.m */,
				13E9DB3A18E0581E0024351B /* Main.storyboard */,
				13E9DB6118E068C00024351B /* UIColor+Random.h */,
				13E9DB6218E068C00024351B /* UIColor+Random.m */,
				13E9DB3D18E0581E0024351B /* ViewController.h */,
				13E9DB3E18E0581E0024351B /* ViewController.m */,
				13E9DB4018E0581E0024351B /* Images.xcassets */,
				13E9DB2F18E0581D0024351B /* Supporting Files */,
			);
			path = 03LavelTimer;
			sourceTree = "<group>";
		};
		13E9DB2F18E0581D0024351B /* Supporting Files */ = {
			isa = PBXGroup;
			children = (
				13E9DB3018E0581D0024351B /* 03LavelTimer-Info.plist */,
				13E9DB3118E0581D0024351B /* InfoPlist.strings */,
				13E9DB3418E0581D0024351B /* main.m */,
				13E9DB3618E0581D0024351B /* 03LavelTimer-Prefix.pch */,
			);
			name = "Supporting Files";
			sourceTree = "<group>";
		};
		13E9DB4D18E0581E0024351B /* 03LavelTimerTests */ = {
			isa = PBXGroup;
			children = (
				13E9DB5318E0581E0024351B /* _3LavelTimerTests.m */,
				13E9DB4E18E0581E0024351B /* Supporting Files */,
			);
			path = 03LavelTimerTests;
			sourceTree = "<group>";
		};
		13E9DB4E18E0581E0024351B /* Supporting Files */ = {
			isa = PBXGroup;
			children = (
				13E9DB4F18E0581E0024351B /* 03LavelTimerTests-Info.plist */,
				13E9DB5018E0581E0024351B /* InfoPlist.strings */,
			);
			name = "Supporting Files";
			sourceTree = "<group>";
		};
/* End PBXGroup section */

/* Begin PBXNativeTarget section */
		13E9DB2418E0581D0024351B /* 03LavelTimer */ = {
			isa = PBXNativeTarget;
			buildConfigurationList = 13E9DB5718E0581E0024351B /* Build configuration list for PBXNativeTarget "03LavelTimer" */;
			buildPhases = (
				13E9DB2118E0581D0024351B /* Sources */,
				13E9DB2218E0581D0024351B /* Frameworks */,
				13E9DB2318E0581D0024351B /* Resources */,
			);
			buildRules = (
			);
			dependencies = (
			);
			name = 03LavelTimer;
			productName = 03LavelTimer;
			productReference = 13E9DB2518E0581D0024351B /* 03LavelTimer.app */;
			productType = "com.apple.product-type.application";
		};
		13E9DB4518E0581E0024351B /* 03LavelTimerTests */ = {
			isa = PBXNativeTarget;
			buildConfigurationList = 13E9DB5A18E0581E0024351B /* Build configuration list for PBXNativeTarget "03LavelTimerTests" */;
			buildPhases = (
				13E9DB4218E0581E0024351B /* Sources */,
				13E9DB4318E0581E0024351B /* Frameworks */,
				13E9DB4418E0581E0024351B /* Resources */,
			);
			buildRules = (
			);
			dependencies = (
				13E9DB4C18E0581E0024351B /* PBXTargetDependency */,
			);
			name = 03LavelTimerTests;
			productName = 03LavelTimerTests;
			productReference = 13E9DB4618E0581E0024351B /* 03LavelTimerTests.xctest */;
			productType = "com.apple.product-type.bundle.unit-test";
		};
/* End PBXNativeTarget section */

/* Begin PBXProject section */
		13E9DB1D18E0581D0024351B /* Project object */ = {
			isa = PBXProject;
			attributes = {
				LastUpgradeCheck = 0510;
				ORGANIZATIONNAME = "저녁반";
				TargetAttributes = {
					13E9DB4518E0581E0024351B = {
						TestTargetID = 13E9DB2418E0581D0024351B;
					};
				};
			};
			buildConfigurationList = 13E9DB2018E0581D0024351B /* Build configuration list for PBXProject "03LavelTimer" */;
			compatibilityVersion = "Xcode 3.2";
			developmentRegion = English;
			hasScannedForEncodings = 0;
			knownRegions = (
				en,
				Base,
			);
			mainGroup = 13E9DB1C18E0581D0024351B;
			productRefGroup = 13E9DB2618E0581D0024351B /* Products */;
			projectDirPath = "";
			projectRoot = "";
			targets = (
				13E9DB2418E0581D0024351B /* 03LavelTimer */,
				13E9DB4518E0581E0024351B /* 03LavelTimerTests */,
			);
		};
/* End PBXProject section */

/* Begin PBXResourcesBuildPhase section */
		13E9DB2318E0581D0024351B /* Resources */ = {
			isa = PBXResourcesBuildPhase;
			buildActionMask = 2147483647;
			files = (
				13E9DB4118E0581E0024351B /* Images.xcassets in Resources */,
				13E9DB5F18E066AF0024351B /* btn_01.png in Resources */,
				13E9DB3318E0581D0024351B /* InfoPlist.strings in Resources */,
				13E9DB6018E066AF0024351B /* btn_02.png in Resources */,
				13E9DB3C18E0581E0024351B /* Main.storyboard in Resources */,
				13ADFA2E18E198A80044B0D1 /* butbackgraydisabled.png in Resources */,
			);
			runOnlyForDeploymentPostprocessing = 0;
		};
		13E9DB4418E0581E0024351B /* Resources */ = {
			isa = PBXResourcesBuildPhase;
			buildActionMask = 2147483647;
			files = (
				13E9DB5218E0581E0024351B /* InfoPlist.strings in Resources */,
			);
			runOnlyForDeploymentPostprocessing = 0;
		};
/* End PBXResourcesBuildPhase section */

/* Begin PBXSourcesBuildPhase section */
		13E9DB2118E0581D0024351B /* Sources */ = {
			isa = PBXSourcesBuildPhase;
			buildActionMask = 2147483647;
			files = (
				13E9DB6318E068C00024351B /* UIColor+Random.m in Sources */,
				13E9DB3F18E0581E0024351B /* ViewController.m in Sources */,
				13E9DB3918E0581D0024351B /* AppDelegate.m in Sources */,
				13E9DB3518E0581D0024351B /* main.m in Sources */,
			);
			runOnlyForDeploymentPostprocessing = 0;
		};
		13E9DB4218E0581E0024351B /* Sources */ = {
			isa = PBXSourcesBuildPhase;
			buildActionMask = 2147483647;
			files = (
				13E9DB5418E0581E0024351B /* _3LavelTimerTests.m in Sources */,
			);
			runOnlyForDeploymentPostprocessing = 0;
		};
/* End PBXSourcesBuildPhase section */

/* Begin PBXTargetDependency section */
		13E9DB4C18E0581E0024351B /* PBXTargetDependency */ = {
			isa = PBXTargetDependency;
			target = 13E9DB2418E0581D0024351B /* 03LavelTimer */;
			targetProxy = 13E9DB4B18E0581E0024351B /* PBXContainerItemProxy */;
		};
/* End PBXTargetDependency section */

/* Begin PBXVariantGroup section */
		13E9DB3118E0581D0024351B /* InfoPlist.strings */ = {
			isa = PBXVariantGroup;
			children = (
				13E9DB3218E0581D0024351B /* en */,
			);
			name = InfoPlist.strings;
			sourceTree = "<group>";
		};
		13E9DB3A18E0581E0024351B /* Main.storyboard */ = {
			isa = PBXVariantGroup;
			children = (
				13E9DB3B18E0581E0024351B /* Base */,
			);
			name = Main.storyboard;
			sourceTree = "<group>";
		};
		13E9DB5018E0581E0024351B /* InfoPlist.strings */ = {
			isa = PBXVariantGroup;
			children = (
				13E9DB5118E0581E0024351B /* en */,
			);
			name = InfoPlist.strings;
			sourceTree = "<group>";
		};
/* End PBXVariantGroup section */

/* Begin XCBuildConfiguration section */
		13E9DB5518E0581E0024351B /* Debug */ = {
			isa = XCBuildConfiguration;
			buildSettings = {
				ALWAYS_SEARCH_USER_PATHS = NO;
				CLANG_CXX_LANGUAGE_STANDARD = "gnu++0x";
				CLANG_CXX_LIBRARY = "libc++";
				CLANG_ENABLE_MODULES = YES;
				CLANG_ENABLE_OBJC_ARC = YES;
				CLANG_WARN_BOOL_CONVERSION = YES;
				CLANG_WARN_CONSTANT_CONVERSION = YES;
				CLANG_WARN_DIRECT_OBJC_ISA_USAGE = YES_ERROR;
				CLANG_WARN_EMPTY_BODY = YES;
				CLANG_WARN_ENUM_CONVERSION = YES;
				CLANG_WARN_INT_CONVERSION = YES;
				CLANG_WARN_OBJC_ROOT_CLASS = YES_ERROR;
				CLANG_WARN__DUPLICATE_METHOD_MATCH = YES;
				"CODE_SIGN_IDENTITY[sdk=iphoneos*]" = "iPhone Developer";
				COPY_PHASE_STRIP = NO;
				GCC_C_LANGUAGE_STANDARD = gnu99;
				GCC_DYNAMIC_NO_PIC = NO;
				GCC_OPTIMIZATION_LEVEL = 0;
				GCC_PREPROCESSOR_DEFINITIONS = (
					"DEBUG=1",
					"$(inherited)",
				);
				GCC_SYMBOLS_PRIVATE_EXTERN = NO;
				GCC_WARN_64_TO_32_BIT_CONVERSION = YES;
				GCC_WARN_ABOUT_RETURN_TYPE = YES_ERROR;
				GCC_WARN_UNDECLARED_SELECTOR = YES;
				GCC_WARN_UNINITIALIZED_AUTOS = YES_AGGRESSIVE;
				GCC_WARN_UNUSED_FUNCTION = YES;
				GCC_WARN_UNUSED_VARIABLE = YES;
				IPHONEOS_DEPLOYMENT_TARGET = 7.1;
				ONLY_ACTIVE_ARCH = YES;
				SDKROOT = iphoneos;
			};
			name = Debug;
		};
		13E9DB5618E0581E0024351B /* Release */ = {
			isa = XCBuildConfiguration;
			buildSettings = {
				ALWAYS_SEARCH_USER_PATHS = NO;
				CLANG_CXX_LANGUAGE_STANDARD = "gnu++0x";
				CLANG_CXX_LIBRARY = "libc++";
				CLANG_ENABLE_MODULES = YES;
				CLANG_ENABLE_OBJC_ARC = YES;
				CLANG_WARN_BOOL_CONVERSION = YES;
				CLANG_WARN_CONSTANT_CONVERSION = YES;
				CLANG_WARN_DIRECT_OBJC_ISA_USAGE = YES_ERROR;
				CLANG_WARN_EMPTY_BODY = YES;
				CLANG_WARN_ENUM_CONVERSION = YES;
				CLANG_WARN_INT_CONVERSION = YES;
				CLANG_WARN_OBJC_ROOT_CLASS = YES_ERROR;
				CLANG_WARN__DUPLICATE_METHOD_MATCH = YES;
				"CODE_SIGN_IDENTITY[sdk=iphoneos*]" = "iPhone Developer";
				COPY_PHASE_STRIP = YES;
				ENABLE_NS_ASSERTIONS = NO;
				GCC_C_LANGUAGE_STANDARD = gnu99;
				GCC_WARN_64_TO_32_BIT_CONVERSION = YES;
				GCC_WARN_ABOUT_RETURN_TYPE = YES_ERROR;
				GCC_WARN_UNDECLARED_SELECTOR = YES;
				GCC_WARN_UNINITIALIZED_AUTOS = YES_AGGRESSIVE;
				GCC_WARN_UNUSED_FUNCTION = YES;
				GCC_WARN_UNUSED_VARIABLE = YES;
				IPHONEOS_DEPLOYMENT_TARGET = 7.1;
				SDKROOT = iphoneos;
				VALIDATE_PRODUCT = YES;
			};
			name = Release;
		};
		13E9DB5818E0581E0024351B /* Debug */ = {
			isa = XCBuildConfiguration;
			buildSettings = {
				ASSETCATALOG_COMPILER_APPICON_NAME = AppIcon;
				ASSETCATALOG_COMPILER_LAUNCHIMAGE_NAME = LaunchImage;
				GCC_PRECOMPILE_PREFIX_HEADER = YES;
				GCC_PREFIX_HEADER = "03LavelTimer/03LavelTimer-Prefix.pch";
				INFOPLIST_FILE = "03LavelTimer/03LavelTimer-Info.plist";
				PRODUCT_NAME = "$(TARGET_NAME)";
				WRAPPER_EXTENSION = app;
			};
			name = Debug;
		};
		13E9DB5918E0581E0024351B /* Release */ = {
			isa = XCBuildConfiguration;
			buildSettings = {
				ASSETCATALOG_COMPILER_APPICON_NAME = AppIcon;
				ASSETCATALOG_COMPILER_LAUNCHIMAGE_NAME = LaunchImage;
				GCC_PRECOMPILE_PREFIX_HEADER = YES;
				GCC_PREFIX_HEADER = "03LavelTimer/03LavelTimer-Prefix.pch";
				INFOPLIST_FILE = "03LavelTimer/03LavelTimer-Info.plist";
				PRODUCT_NAME = "$(TARGET_NAME)";
				WRAPPER_EXTENSION = app;
			};
			name = Release;
		};
		13E9DB5B18E0581E0024351B /* Debug */ = {
			isa = XCBuildConfiguration;
			buildSettings = {
				BUNDLE_LOADER = "$(BUILT_PRODUCTS_DIR)/03LavelTimer.app/03LavelTimer";
				FRAMEWORK_SEARCH_PATHS = (
					"$(SDKROOT)/Developer/Library/Frameworks",
					"$(inherited)",
					"$(DEVELOPER_FRAMEWORKS_DIR)",
				);
				GCC_PRECOMPILE_PREFIX_HEADER = YES;
				GCC_PREFIX_HEADER = "03LavelTimer/03LavelTimer-Prefix.pch";
				GCC_PREPROCESSOR_DEFINITIONS = (
					"DEBUG=1",
					"$(inherited)",
				);
				INFOPLIST_FILE = "03LavelTimerTests/03LavelTimerTests-Info.plist";
				PRODUCT_NAME = "$(TARGET_NAME)";
				TEST_HOST = "$(BUNDLE_LOADER)";
				WRAPPER_EXTENSION = xctest;
			};
			name = Debug;
		};
		13E9DB5C18E0581E0024351B /* Release */ = {
			isa = XCBuildConfiguration;
			buildSettings = {
				BUNDLE_LOADER = "$(BUILT_PRODUCTS_DIR)/03LavelTimer.app/03LavelTimer";
				FRAMEWORK_SEARCH_PATHS = (
					"$(SDKROOT)/Developer/Library/Frameworks",
					"$(inherited)",
					"$(DEVELOPER_FRAMEWORKS_DIR)",
				);
				GCC_PRECOMPILE_PREFIX_HEADER = YES;
				GCC_PREFIX_HEADER = "03LavelTimer/03LavelTimer-Prefix.pch";
				INFOPLIST_FILE = "03LavelTimerTests/03LavelTimerTests-Info.plist";
				PRODUCT_NAME = "$(TARGET_NAME)";
				TEST_HOST = "$(BUNDLE_LOADER)";
				WRAPPER_EXTENSION = xctest;
			};
			name = Release;
		};
/* End XCBuildConfiguration section */

/* Begin XCConfigurationList section */
		13E9DB2018E0581D0024351B /* Build configuration list for PBXProject "03LavelTimer" */ = {
			isa = XCConfigurationList;
			buildConfigurations = (
				13E9DB5518E0581E0024351B /* Debug */,
				13E9DB5618E0581E0024351B /* Release */,
			);
			defaultConfigurationIsVisible = 0;
			defaultConfigurationName = Release;
		};
		13E9DB5718E0581E0024351B /* Build configuration list for PBXNativeTarget "03LavelTimer" */ = {
			isa = XCConfigurationList;
			buildConfigurations = (
				13E9DB5818E0581E0024351B /* Debug */,
				13E9DB5918E0581E0024351B /* Release */,
			);
			defaultConfigurationIsVisible = 0;
			defaultConfigurationName = Release;
		};
		13E9DB5A18E0581E0024351B /* Build configuration list for PBXNativeTarget "03LavelTimerTests" */ = {
			isa = XCConfigurationList;
			buildConfigurations = (
				13E9DB5B18E0581E0024351B /* Debug */,
				13E9DB5C18E0581E0024351B /* Release */,
			);
			defaultConfigurationIsVisible = 0;
			defaultConfigurationName = Release;
		};
/* End XCConfigurationList section */
	};
	rootObject = 13E9DB1D18E0581D0024351B /* Project object */;
}
