// !$*UTF8*$!
{
	archiveVersion = 1;
	classes = {
	};
	objectVersion = 46;
	objects = {

/* Begin PBXBuildFile section */
		38AEA87818EAD37000529F5C /* Foundation.framework in Frameworks */ = {isa = PBXBuildFile; fileRef = 38AEA87718EAD37000529F5C /* Foundation.framework */; };
		38AEA87A18EAD37000529F5C /* CoreGraphics.framework in Frameworks */ = {isa = PBXBuildFile; fileRef = 38AEA87918EAD37000529F5C /* CoreGraphics.framework */; };
		38AEA87C18EAD37000529F5C /* UIKit.framework in Frameworks */ = {isa = PBXBuildFile; fileRef = 38AEA87B18EAD37000529F5C /* UIKit.framework */; };
		38AEA88218EAD37000529F5C /* InfoPlist.strings in Resources */ = {isa = PBXBuildFile; fileRef = 38AEA88018EAD37000529F5C /* InfoPlist.strings */; };
		38AEA88418EAD37000529F5C /* main.m in Sources */ = {isa = PBXBuildFile; fileRef = 38AEA88318EAD37000529F5C /* main.m */; };
		38AEA88818EAD37000529F5C /* AppDelegate.m in Sources */ = {isa = PBXBuildFile; fileRef = 38AEA88718EAD37000529F5C /* AppDelegate.m */; };
		38AEA88A18EAD37000529F5C /* Images.xcassets in Resources */ = {isa = PBXBuildFile; fileRef = 38AEA88918EAD37000529F5C /* Images.xcassets */; };
		38AEA89118EAD37000529F5C /* XCTest.framework in Frameworks */ = {isa = PBXBuildFile; fileRef = 38AEA89018EAD37000529F5C /* XCTest.framework */; };
		38AEA89218EAD37000529F5C /* Foundation.framework in Frameworks */ = {isa = PBXBuildFile; fileRef = 38AEA87718EAD37000529F5C /* Foundation.framework */; };
		38AEA89318EAD37000529F5C /* UIKit.framework in Frameworks */ = {isa = PBXBuildFile; fileRef = 38AEA87B18EAD37000529F5C /* UIKit.framework */; };
		38AEA89B18EAD37000529F5C /* InfoPlist.strings in Resources */ = {isa = PBXBuildFile; fileRef = 38AEA89918EAD37000529F5C /* InfoPlist.strings */; };
		38AEA89D18EAD37000529F5C /* TouchEx1Tests.m in Sources */ = {isa = PBXBuildFile; fileRef = 38AEA89C18EAD37000529F5C /* TouchEx1Tests.m */; };
		38AEA8A818EAD38800529F5C /* OneViewController.m in Sources */ = {isa = PBXBuildFile; fileRef = 38AEA8A718EAD38800529F5C /* OneViewController.m */; };
		38AEA8AB18EAD39200529F5C /* TwoViewController.m in Sources */ = {isa = PBXBuildFile; fileRef = 38AEA8AA18EAD39200529F5C /* TwoViewController.m */; };
		38AEA8AE18EAD39A00529F5C /* ThreeViewController.m in Sources */ = {isa = PBXBuildFile; fileRef = 38AEA8AD18EAD39A00529F5C /* ThreeViewController.m */; };
		38AEA8B218EAD3C500529F5C /* 125-food.png in Resources */ = {isa = PBXBuildFile; fileRef = 38AEA8AF18EAD3C500529F5C /* 125-food.png */; };
		38AEA8B318EAD3C500529F5C /* 170-butterfly.png in Resources */ = {isa = PBXBuildFile; fileRef = 38AEA8B018EAD3C500529F5C /* 170-butterfly.png */; };
		38AEA8B418EAD3C500529F5C /* 183-genie-lamp.png in Resources */ = {isa = PBXBuildFile; fileRef = 38AEA8B118EAD3C500529F5C /* 183-genie-lamp.png */; };
		38AEA8B618EAD4A700529F5C /* Storyboard.storyboard in Resources */ = {isa = PBXBuildFile; fileRef = 38AEA8B518EAD4A700529F5C /* Storyboard.storyboard */; };
		38AEA8B818EAD71800529F5C /* ani12.gif in Resources */ = {isa = PBXBuildFile; fileRef = 38AEA8B718EAD71800529F5C /* ani12.gif */; };
		38AEA8BA18EAD72700529F5C /* ani09.gif in Resources */ = {isa = PBXBuildFile; fileRef = 38AEA8B918EAD72700529F5C /* ani09.gif */; };
/* End PBXBuildFile section */

/* Begin PBXContainerItemProxy section */
		38AEA89418EAD37000529F5C /* PBXContainerItemProxy */ = {
			isa = PBXContainerItemProxy;
			containerPortal = 38AEA86C18EAD37000529F5C /* Project object */;
			proxyType = 1;
			remoteGlobalIDString = 38AEA87318EAD37000529F5C;
			remoteInfo = TouchEx1;
		};
/* End PBXContainerItemProxy section */

/* Begin PBXFileReference section */
		38AEA87418EAD37000529F5C /* TouchEx1.app */ = {isa = PBXFileReference; explicitFileType = wrapper.application; includeInIndex = 0; path = TouchEx1.app; sourceTree = BUILT_PRODUCTS_DIR; };
		38AEA87718EAD37000529F5C /* Foundation.framework */ = {isa = PBXFileReference; lastKnownFileType = wrapper.framework; name = Foundation.framework; path = System/Library/Frameworks/Foundation.framework; sourceTree = SDKROOT; };
		38AEA87918EAD37000529F5C /* CoreGraphics.framework */ = {isa = PBXFileReference; lastKnownFileType = wrapper.framework; name = CoreGraphics.framework; path = System/Library/Frameworks/CoreGraphics.framework; sourceTree = SDKROOT; };
		38AEA87B18EAD37000529F5C /* UIKit.framework */ = {isa = PBXFileReference; lastKnownFileType = wrapper.framework; name = UIKit.framework; path = System/Library/Frameworks/UIKit.framework; sourceTree = SDKROOT; };
		38AEA87F18EAD37000529F5C /* TouchEx1-Info.plist */ = {isa = PBXFileReference; lastKnownFileType = text.plist.xml; path = "TouchEx1-Info.plist"; sourceTree = "<group>"; };
		38AEA88118EAD37000529F5C /* en */ = {isa = PBXFileReference; lastKnownFileType = text.plist.strings; name = en; path = en.lproj/InfoPlist.strings; sourceTree = "<group>"; };
		38AEA88318EAD37000529F5C /* main.m */ = {isa = PBXFileReference; lastKnownFileType = sourcecode.c.objc; path = main.m; sourceTree = "<group>"; };
		38AEA88518EAD37000529F5C /* TouchEx1-Prefix.pch */ = {isa = PBXFileReference; lastKnownFileType = sourcecode.c.h; path = "TouchEx1-Prefix.pch"; sourceTree = "<group>"; };
		38AEA88618EAD37000529F5C /* AppDelegate.h */ = {isa = PBXFileReference; lastKnownFileType = sourcecode.c.h; path = AppDelegate.h; sourceTree = "<group>"; };
		38AEA88718EAD37000529F5C /* AppDelegate.m */ = {isa = PBXFileReference; lastKnownFileType = sourcecode.c.objc; path = AppDelegate.m; sourceTree = "<group>"; };
		38AEA88918EAD37000529F5C /* Images.xcassets */ = {isa = PBXFileReference; lastKnownFileType = folder.assetcatalog; path = Images.xcassets; sourceTree = "<group>"; };
		38AEA88F18EAD37000529F5C /* TouchEx1Tests.xctest */ = {isa = PBXFileReference; explicitFileType = wrapper.cfbundle; includeInIndex = 0; path = TouchEx1Tests.xctest; sourceTree = BUILT_PRODUCTS_DIR; };
		38AEA89018EAD37000529F5C /* XCTest.framework */ = {isa = PBXFileReference; lastKnownFileType = wrapper.framework; name = XCTest.framework; path = Library/Frameworks/XCTest.framework; sourceTree = DEVELOPER_DIR; };
		38AEA89818EAD37000529F5C /* TouchEx1Tests-Info.plist */ = {isa = PBXFileReference; lastKnownFileType = text.plist.xml; path = "TouchEx1Tests-Info.plist"; sourceTree = "<group>"; };
		38AEA89A18EAD37000529F5C /* en */ = {isa = PBXFileReference; lastKnownFileType = text.plist.strings; name = en; path = en.lproj/InfoPlist.strings; sourceTree = "<group>"; };
		38AEA89C18EAD37000529F5C /* TouchEx1Tests.m */ = {isa = PBXFileReference; lastKnownFileType = sourcecode.c.objc; path = TouchEx1Tests.m; sourceTree = "<group>"; };
		38AEA8A618EAD38800529F5C /* OneViewController.h */ = {isa = PBXFileReference; fileEncoding = 4; lastKnownFileType = sourcecode.c.h; path = OneViewController.h; sourceTree = "<group>"; };
		38AEA8A718EAD38800529F5C /* OneViewController.m */ = {isa = PBXFileReference; fileEncoding = 4; lastKnownFileType = sourcecode.c.objc; path = OneViewController.m; sourceTree = "<group>"; };
		38AEA8A918EAD39200529F5C /* TwoViewController.h */ = {isa = PBXFileReference; fileEncoding = 4; lastKnownFileType = sourcecode.c.h; path = TwoViewController.h; sourceTree = "<group>"; };
		38AEA8AA18EAD39200529F5C /* TwoViewController.m */ = {isa = PBXFileReference; fileEncoding = 4; lastKnownFileType = sourcecode.c.objc; path = TwoViewController.m; sourceTree = "<group>"; };
		38AEA8AC18EAD39A00529F5C /* ThreeViewController.h */ = {isa = PBXFileReference; fileEncoding = 4; lastKnownFileType = sourcecode.c.h; path = ThreeViewController.h; sourceTree = "<group>"; };
		38AEA8AD18EAD39A00529F5C /* ThreeViewController.m */ = {isa = PBXFileReference; fileEncoding = 4; lastKnownFileType = sourcecode.c.objc; path = ThreeViewController.m; sourceTree = "<group>"; };
		38AEA8AF18EAD3C500529F5C /* 125-food.png */ = {isa = PBXFileReference; lastKnownFileType = image.png; path = "125-food.png"; sourceTree = "<group>"; };
		38AEA8B018EAD3C500529F5C /* 170-butterfly.png */ = {isa = PBXFileReference; lastKnownFileType = image.png; path = "170-butterfly.png"; sourceTree = "<group>"; };
		38AEA8B118EAD3C500529F5C /* 183-genie-lamp.png */ = {isa = PBXFileReference; lastKnownFileType = image.png; path = "183-genie-lamp.png"; sourceTree = "<group>"; };
		38AEA8B518EAD4A700529F5C /* Storyboard.storyboard */ = {isa = PBXFileReference; fileEncoding = 4; lastKnownFileType = file.storyboard; path = Storyboard.storyboard; sourceTree = "<group>"; };
		38AEA8B718EAD71800529F5C /* ani12.gif */ = {isa = PBXFileReference; lastKnownFileType = image.gif; path = ani12.gif; sourceTree = "<group>"; };
		38AEA8B918EAD72700529F5C /* ani09.gif */ = {isa = PBXFileReference; lastKnownFileType = image.gif; path = ani09.gif; sourceTree = "<group>"; };
/* End PBXFileReference section */

/* Begin PBXFrameworksBuildPhase section */
		38AEA87118EAD37000529F5C /* Frameworks */ = {
			isa = PBXFrameworksBuildPhase;
			buildActionMask = 2147483647;
			files = (
				38AEA87A18EAD37000529F5C /* CoreGraphics.framework in Frameworks */,
				38AEA87C18EAD37000529F5C /* UIKit.framework in Frameworks */,
				38AEA87818EAD37000529F5C /* Foundation.framework in Frameworks */,
			);
			runOnlyForDeploymentPostprocessing = 0;
		};
		38AEA88C18EAD37000529F5C /* Frameworks */ = {
			isa = PBXFrameworksBuildPhase;
			buildActionMask = 2147483647;
			files = (
				38AEA89118EAD37000529F5C /* XCTest.framework in Frameworks */,
				38AEA89318EAD37000529F5C /* UIKit.framework in Frameworks */,
				38AEA89218EAD37000529F5C /* Foundation.framework in Frameworks */,
			);
			runOnlyForDeploymentPostprocessing = 0;
		};
/* End PBXFrameworksBuildPhase section */

/* Begin PBXGroup section */
		38AEA86B18EAD37000529F5C = {
			isa = PBXGroup;
			children = (
				38AEA87D18EAD37000529F5C /* TouchEx1 */,
				38AEA89618EAD37000529F5C /* TouchEx1Tests */,
				38AEA87618EAD37000529F5C /* Frameworks */,
				38AEA87518EAD37000529F5C /* Products */,
			);
			sourceTree = "<group>";
		};
		38AEA87518EAD37000529F5C /* Products */ = {
			isa = PBXGroup;
			children = (
				38AEA87418EAD37000529F5C /* TouchEx1.app */,
				38AEA88F18EAD37000529F5C /* TouchEx1Tests.xctest */,
			);
			name = Products;
			sourceTree = "<group>";
		};
		38AEA87618EAD37000529F5C /* Frameworks */ = {
			isa = PBXGroup;
			children = (
				38AEA87718EAD37000529F5C /* Foundation.framework */,
				38AEA87918EAD37000529F5C /* CoreGraphics.framework */,
				38AEA87B18EAD37000529F5C /* UIKit.framework */,
				38AEA89018EAD37000529F5C /* XCTest.framework */,
			);
			name = Frameworks;
			sourceTree = "<group>";
		};
		38AEA87D18EAD37000529F5C /* TouchEx1 */ = {
			isa = PBXGroup;
			children = (
				38AEA8B918EAD72700529F5C /* ani09.gif */,
				38AEA8B718EAD71800529F5C /* ani12.gif */,
				38AEA8AF18EAD3C500529F5C /* 125-food.png */,
				38AEA8B018EAD3C500529F5C /* 170-butterfly.png */,
				38AEA8B118EAD3C500529F5C /* 183-genie-lamp.png */,
				38AEA88618EAD37000529F5C /* AppDelegate.h */,
				38AEA88718EAD37000529F5C /* AppDelegate.m */,
				38AEA88918EAD37000529F5C /* Images.xcassets */,
				38AEA87E18EAD37000529F5C /* Supporting Files */,
				38AEA8A618EAD38800529F5C /* OneViewController.h */,
				38AEA8A718EAD38800529F5C /* OneViewController.m */,
				38AEA8A918EAD39200529F5C /* TwoViewController.h */,
				38AEA8AA18EAD39200529F5C /* TwoViewController.m */,
				38AEA8AC18EAD39A00529F5C /* ThreeViewController.h */,
				38AEA8AD18EAD39A00529F5C /* ThreeViewController.m */,
				38AEA8B518EAD4A700529F5C /* Storyboard.storyboard */,
			);
			path = TouchEx1;
			sourceTree = "<group>";
		};
		38AEA87E18EAD37000529F5C /* Supporting Files */ = {
			isa = PBXGroup;
			children = (
				38AEA87F18EAD37000529F5C /* TouchEx1-Info.plist */,
				38AEA88018EAD37000529F5C /* InfoPlist.strings */,
				38AEA88318EAD37000529F5C /* main.m */,
				38AEA88518EAD37000529F5C /* TouchEx1-Prefix.pch */,
			);
			name = "Supporting Files";
			sourceTree = "<group>";
		};
		38AEA89618EAD37000529F5C /* TouchEx1Tests */ = {
			isa = PBXGroup;
			children = (
				38AEA89C18EAD37000529F5C /* TouchEx1Tests.m */,
				38AEA89718EAD37000529F5C /* Supporting Files */,
			);
			path = TouchEx1Tests;
			sourceTree = "<group>";
		};
		38AEA89718EAD37000529F5C /* Supporting Files */ = {
			isa = PBXGroup;
			children = (
				38AEA89818EAD37000529F5C /* TouchEx1Tests-Info.plist */,
				38AEA89918EAD37000529F5C /* InfoPlist.strings */,
			);
			name = "Supporting Files";
			sourceTree = "<group>";
		};
/* End PBXGroup section */

/* Begin PBXNativeTarget section */
		38AEA87318EAD37000529F5C /* TouchEx1 */ = {
			isa = PBXNativeTarget;
			buildConfigurationList = 38AEA8A018EAD37000529F5C /* Build configuration list for PBXNativeTarget "TouchEx1" */;
			buildPhases = (
				38AEA87018EAD37000529F5C /* Sources */,
				38AEA87118EAD37000529F5C /* Frameworks */,
				38AEA87218EAD37000529F5C /* Resources */,
			);
			buildRules = (
			);
			dependencies = (
			);
			name = TouchEx1;
			productName = TouchEx1;
			productReference = 38AEA87418EAD37000529F5C /* TouchEx1.app */;
			productType = "com.apple.product-type.application";
		};
		38AEA88E18EAD37000529F5C /* TouchEx1Tests */ = {
			isa = PBXNativeTarget;
			buildConfigurationList = 38AEA8A318EAD37000529F5C /* Build configuration list for PBXNativeTarget "TouchEx1Tests" */;
			buildPhases = (
				38AEA88B18EAD37000529F5C /* Sources */,
				38AEA88C18EAD37000529F5C /* Frameworks */,
				38AEA88D18EAD37000529F5C /* Resources */,
			);
			buildRules = (
			);
			dependencies = (
				38AEA89518EAD37000529F5C /* PBXTargetDependency */,
			);
			name = TouchEx1Tests;
			productName = TouchEx1Tests;
			productReference = 38AEA88F18EAD37000529F5C /* TouchEx1Tests.xctest */;
			productType = "com.apple.product-type.bundle.unit-test";
		};
/* End PBXNativeTarget section */

/* Begin PBXProject section */
		38AEA86C18EAD37000529F5C /* Project object */ = {
			isa = PBXProject;
			attributes = {
				LastUpgradeCheck = 0510;
				ORGANIZATIONNAME = "저녁반";
				TargetAttributes = {
					38AEA88E18EAD37000529F5C = {
						TestTargetID = 38AEA87318EAD37000529F5C;
					};
				};
			};
			buildConfigurationList = 38AEA86F18EAD37000529F5C /* Build configuration list for PBXProject "TouchEx1" */;
			compatibilityVersion = "Xcode 3.2";
			developmentRegion = English;
			hasScannedForEncodings = 0;
			knownRegions = (
				en,
			);
			mainGroup = 38AEA86B18EAD37000529F5C;
			productRefGroup = 38AEA87518EAD37000529F5C /* Products */;
			projectDirPath = "";
			projectRoot = "";
			targets = (
				38AEA87318EAD37000529F5C /* TouchEx1 */,
				38AEA88E18EAD37000529F5C /* TouchEx1Tests */,
			);
		};
/* End PBXProject section */

/* Begin PBXResourcesBuildPhase section */
		38AEA87218EAD37000529F5C /* Resources */ = {
			isa = PBXResourcesBuildPhase;
			buildActionMask = 2147483647;
			files = (
				38AEA8B218EAD3C500529F5C /* 125-food.png in Resources */,
				38AEA88218EAD37000529F5C /* InfoPlist.strings in Resources */,
				38AEA8B818EAD71800529F5C /* ani12.gif in Resources */,
				38AEA8B418EAD3C500529F5C /* 183-genie-lamp.png in Resources */,
				38AEA8B318EAD3C500529F5C /* 170-butterfly.png in Resources */,
				38AEA88A18EAD37000529F5C /* Images.xcassets in Resources */,
				38AEA8BA18EAD72700529F5C /* ani09.gif in Resources */,
				38AEA8B618EAD4A700529F5C /* Storyboard.storyboard in Resources */,
			);
			runOnlyForDeploymentPostprocessing = 0;
		};
		38AEA88D18EAD37000529F5C /* Resources */ = {
			isa = PBXResourcesBuildPhase;
			buildActionMask = 2147483647;
			files = (
				38AEA89B18EAD37000529F5C /* InfoPlist.strings in Resources */,
			);
			runOnlyForDeploymentPostprocessing = 0;
		};
/* End PBXResourcesBuildPhase section */

/* Begin PBXSourcesBuildPhase section */
		38AEA87018EAD37000529F5C /* Sources */ = {
			isa = PBXSourcesBuildPhase;
			buildActionMask = 2147483647;
			files = (
				38AEA8A818EAD38800529F5C /* OneViewController.m in Sources */,
				38AEA88818EAD37000529F5C /* AppDelegate.m in Sources */,
				38AEA88418EAD37000529F5C /* main.m in Sources */,
				38AEA8AB18EAD39200529F5C /* TwoViewController.m in Sources */,
				38AEA8AE18EAD39A00529F5C /* ThreeViewController.m in Sources */,
			);
			runOnlyForDeploymentPostprocessing = 0;
		};
		38AEA88B18EAD37000529F5C /* Sources */ = {
			isa = PBXSourcesBuildPhase;
			buildActionMask = 2147483647;
			files = (
				38AEA89D18EAD37000529F5C /* TouchEx1Tests.m in Sources */,
			);
			runOnlyForDeploymentPostprocessing = 0;
		};
/* End PBXSourcesBuildPhase section */

/* Begin PBXTargetDependency section */
		38AEA89518EAD37000529F5C /* PBXTargetDependency */ = {
			isa = PBXTargetDependency;
			target = 38AEA87318EAD37000529F5C /* TouchEx1 */;
			targetProxy = 38AEA89418EAD37000529F5C /* PBXContainerItemProxy */;
		};
/* End PBXTargetDependency section */

/* Begin PBXVariantGroup section */
		38AEA88018EAD37000529F5C /* InfoPlist.strings */ = {
			isa = PBXVariantGroup;
			children = (
				38AEA88118EAD37000529F5C /* en */,
			);
			name = InfoPlist.strings;
			sourceTree = "<group>";
		};
		38AEA89918EAD37000529F5C /* InfoPlist.strings */ = {
			isa = PBXVariantGroup;
			children = (
				38AEA89A18EAD37000529F5C /* en */,
			);
			name = InfoPlist.strings;
			sourceTree = "<group>";
		};
/* End PBXVariantGroup section */

/* Begin XCBuildConfiguration section */
		38AEA89E18EAD37000529F5C /* Debug */ = {
			isa = XCBuildConfiguration;
			buildSettings = {
				ALWAYS_SEARCH_USER_PATHS = NO;
				CLANG_CXX_LANGUAGE_STANDARD = "gnu++0x";
				CLANG_CXX_LIBRARY = "libc++";
				CLANG_ENABLE_MODULES = YES;
				CLANG_ENABLE_OBJC_ARC = YES;
				CLANG_WARN_BOOL_CONVERSION = YES;
				CLANG_WARN_CONSTANT_CONVERSION = YES;
				CLANG_WARN_DIRECT_OBJC_ISA_USAGE = YES_ERROR;
				CLANG_WARN_EMPTY_BODY = YES;
				CLANG_WARN_ENUM_CONVERSION = YES;
				CLANG_WARN_INT_CONVERSION = YES;
				CLANG_WARN_OBJC_ROOT_CLASS = YES_ERROR;
				CLANG_WARN__DUPLICATE_METHOD_MATCH = YES;
				"CODE_SIGN_IDENTITY[sdk=iphoneos*]" = "iPhone Developer";
				COPY_PHASE_STRIP = NO;
				GCC_C_LANGUAGE_STANDARD = gnu99;
				GCC_DYNAMIC_NO_PIC = NO;
				GCC_OPTIMIZATION_LEVEL = 0;
				GCC_PREPROCESSOR_DEFINITIONS = (
					"DEBUG=1",
					"$(inherited)",
				);
				GCC_SYMBOLS_PRIVATE_EXTERN = NO;
				GCC_WARN_64_TO_32_BIT_CONVERSION = YES;
				GCC_WARN_ABOUT_RETURN_TYPE = YES_ERROR;
				GCC_WARN_UNDECLARED_SELECTOR = YES;
				GCC_WARN_UNINITIALIZED_AUTOS = YES_AGGRESSIVE;
				GCC_WARN_UNUSED_FUNCTION = YES;
				GCC_WARN_UNUSED_VARIABLE = YES;
				IPHONEOS_DEPLOYMENT_TARGET = 7.1;
				ONLY_ACTIVE_ARCH = YES;
				SDKROOT = iphoneos;
			};
			name = Debug;
		};
		38AEA89F18EAD37000529F5C /* Release */ = {
			isa = XCBuildConfiguration;
			buildSettings = {
				ALWAYS_SEARCH_USER_PATHS = NO;
				CLANG_CXX_LANGUAGE_STANDARD = "gnu++0x";
				CLANG_CXX_LIBRARY = "libc++";
				CLANG_ENABLE_MODULES = YES;
				CLANG_ENABLE_OBJC_ARC = YES;
				CLANG_WARN_BOOL_CONVERSION = YES;
				CLANG_WARN_CONSTANT_CONVERSION = YES;
				CLANG_WARN_DIRECT_OBJC_ISA_USAGE = YES_ERROR;
				CLANG_WARN_EMPTY_BODY = YES;
				CLANG_WARN_ENUM_CONVERSION = YES;
				CLANG_WARN_INT_CONVERSION = YES;
				CLANG_WARN_OBJC_ROOT_CLASS = YES_ERROR;
				CLANG_WARN__DUPLICATE_METHOD_MATCH = YES;
				"CODE_SIGN_IDENTITY[sdk=iphoneos*]" = "iPhone Developer";
				COPY_PHASE_STRIP = YES;
				ENABLE_NS_ASSERTIONS = NO;
				GCC_C_LANGUAGE_STANDARD = gnu99;
				GCC_WARN_64_TO_32_BIT_CONVERSION = YES;
				GCC_WARN_ABOUT_RETURN_TYPE = YES_ERROR;
				GCC_WARN_UNDECLARED_SELECTOR = YES;
				GCC_WARN_UNINITIALIZED_AUTOS = YES_AGGRESSIVE;
				GCC_WARN_UNUSED_FUNCTION = YES;
				GCC_WARN_UNUSED_VARIABLE = YES;
				IPHONEOS_DEPLOYMENT_TARGET = 7.1;
				SDKROOT = iphoneos;
				VALIDATE_PRODUCT = YES;
			};
			name = Release;
		};
		38AEA8A118EAD37000529F5C /* Debug */ = {
			isa = XCBuildConfiguration;
			buildSettings = {
				ASSETCATALOG_COMPILER_APPICON_NAME = AppIcon;
				ASSETCATALOG_COMPILER_LAUNCHIMAGE_NAME = LaunchImage;
				GCC_PRECOMPILE_PREFIX_HEADER = YES;
				GCC_PREFIX_HEADER = "TouchEx1/TouchEx1-Prefix.pch";
				INFOPLIST_FILE = "TouchEx1/TouchEx1-Info.plist";
				IPHONEOS_DEPLOYMENT_TARGET = 6.1;
				PRODUCT_NAME = "$(TARGET_NAME)";
				WRAPPER_EXTENSION = app;
			};
			name = Debug;
		};
		38AEA8A218EAD37000529F5C /* Release */ = {
			isa = XCBuildConfiguration;
			buildSettings = {
				ASSETCATALOG_COMPILER_APPICON_NAME = AppIcon;
				ASSETCATALOG_COMPILER_LAUNCHIMAGE_NAME = LaunchImage;
				GCC_PRECOMPILE_PREFIX_HEADER = YES;
				GCC_PREFIX_HEADER = "TouchEx1/TouchEx1-Prefix.pch";
				INFOPLIST_FILE = "TouchEx1/TouchEx1-Info.plist";
				IPHONEOS_DEPLOYMENT_TARGET = 6.1;
				PRODUCT_NAME = "$(TARGET_NAME)";
				WRAPPER_EXTENSION = app;
			};
			name = Release;
		};
		38AEA8A418EAD37000529F5C /* Debug */ = {
			isa = XCBuildConfiguration;
			buildSettings = {
				BUNDLE_LOADER = "$(BUILT_PRODUCTS_DIR)/TouchEx1.app/TouchEx1";
				FRAMEWORK_SEARCH_PATHS = (
					"$(SDKROOT)/Developer/Library/Frameworks",
					"$(inherited)",
					"$(DEVELOPER_FRAMEWORKS_DIR)",
				);
				GCC_PRECOMPILE_PREFIX_HEADER = YES;
				GCC_PREFIX_HEADER = "TouchEx1/TouchEx1-Prefix.pch";
				GCC_PREPROCESSOR_DEFINITIONS = (
					"DEBUG=1",
					"$(inherited)",
				);
				INFOPLIST_FILE = "TouchEx1Tests/TouchEx1Tests-Info.plist";
				PRODUCT_NAME = "$(TARGET_NAME)";
				TEST_HOST = "$(BUNDLE_LOADER)";
				WRAPPER_EXTENSION = xctest;
			};
			name = Debug;
		};
		38AEA8A518EAD37000529F5C /* Release */ = {
			isa = XCBuildConfiguration;
			buildSettings = {
				BUNDLE_LOADER = "$(BUILT_PRODUCTS_DIR)/TouchEx1.app/TouchEx1";
				FRAMEWORK_SEARCH_PATHS = (
					"$(SDKROOT)/Developer/Library/Frameworks",
					"$(inherited)",
					"$(DEVELOPER_FRAMEWORKS_DIR)",
				);
				GCC_PRECOMPILE_PREFIX_HEADER = YES;
				GCC_PREFIX_HEADER = "TouchEx1/TouchEx1-Prefix.pch";
				INFOPLIST_FILE = "TouchEx1Tests/TouchEx1Tests-Info.plist";
				PRODUCT_NAME = "$(TARGET_NAME)";
				TEST_HOST = "$(BUNDLE_LOADER)";
				WRAPPER_EXTENSION = xctest;
			};
			name = Release;
		};
/* End XCBuildConfiguration section */

/* Begin XCConfigurationList section */
		38AEA86F18EAD37000529F5C /* Build configuration list for PBXProject "TouchEx1" */ = {
			isa = XCConfigurationList;
			buildConfigurations = (
				38AEA89E18EAD37000529F5C /* Debug */,
				38AEA89F18EAD37000529F5C /* Release */,
			);
			defaultConfigurationIsVisible = 0;
			defaultConfigurationName = Release;
		};
		38AEA8A018EAD37000529F5C /* Build configuration list for PBXNativeTarget "TouchEx1" */ = {
			isa = XCConfigurationList;
			buildConfigurations = (
				38AEA8A118EAD37000529F5C /* Debug */,
				38AEA8A218EAD37000529F5C /* Release */,
			);
			defaultConfigurationIsVisible = 0;
			defaultConfigurationName = Release;
		};
		38AEA8A318EAD37000529F5C /* Build configuration list for PBXNativeTarget "TouchEx1Tests" */ = {
			isa = XCConfigurationList;
			buildConfigurations = (
				38AEA8A418EAD37000529F5C /* Debug */,
				38AEA8A518EAD37000529F5C /* Release */,
			);
			defaultConfigurationIsVisible = 0;
			defaultConfigurationName = Release;
		};
/* End XCConfigurationList section */
	};
	rootObject = 38AEA86C18EAD37000529F5C /* Project object */;
}
