// !$*UTF8*$!
{
	archiveVersion = 1;
	classes = {
	};
	objectVersion = 46;
	objects = {

/* Begin PBXBuildFile section */
		38AEA8C818EAEB8600529F5C /* Foundation.framework in Frameworks */ = {isa = PBXBuildFile; fileRef = 38AEA8C718EAEB8600529F5C /* Foundation.framework */; };
		38AEA8CA18EAEB8600529F5C /* CoreGraphics.framework in Frameworks */ = {isa = PBXBuildFile; fileRef = 38AEA8C918EAEB8600529F5C /* CoreGraphics.framework */; };
		38AEA8CC18EAEB8600529F5C /* UIKit.framework in Frameworks */ = {isa = PBXBuildFile; fileRef = 38AEA8CB18EAEB8600529F5C /* UIKit.framework */; };
		38AEA8D218EAEB8600529F5C /* InfoPlist.strings in Resources */ = {isa = PBXBuildFile; fileRef = 38AEA8D018EAEB8600529F5C /* InfoPlist.strings */; };
		38AEA8D418EAEB8600529F5C /* main.m in Sources */ = {isa = PBXBuildFile; fileRef = 38AEA8D318EAEB8600529F5C /* main.m */; };
		38AEA8D818EAEB8600529F5C /* AppDelegate.m in Sources */ = {isa = PBXBuildFile; fileRef = 38AEA8D718EAEB8600529F5C /* AppDelegate.m */; };
		38AEA8DA18EAEB8600529F5C /* Images.xcassets in Resources */ = {isa = PBXBuildFile; fileRef = 38AEA8D918EAEB8600529F5C /* Images.xcassets */; };
		38AEA8E118EAEB8600529F5C /* XCTest.framework in Frameworks */ = {isa = PBXBuildFile; fileRef = 38AEA8E018EAEB8600529F5C /* XCTest.framework */; };
		38AEA8E218EAEB8600529F5C /* Foundation.framework in Frameworks */ = {isa = PBXBuildFile; fileRef = 38AEA8C718EAEB8600529F5C /* Foundation.framework */; };
		38AEA8E318EAEB8600529F5C /* UIKit.framework in Frameworks */ = {isa = PBXBuildFile; fileRef = 38AEA8CB18EAEB8600529F5C /* UIKit.framework */; };
		38AEA8EB18EAEB8600529F5C /* InfoPlist.strings in Resources */ = {isa = PBXBuildFile; fileRef = 38AEA8E918EAEB8600529F5C /* InfoPlist.strings */; };
		38AEA8ED18EAEB8600529F5C /* WindowSubViewEx2Tests.m in Sources */ = {isa = PBXBuildFile; fileRef = 38AEA8EC18EAEB8600529F5C /* WindowSubViewEx2Tests.m */; };
		38AEA8F918EAEBAF00529F5C /* 9.JPG in Resources */ = {isa = PBXBuildFile; fileRef = 38AEA8F618EAEBAF00529F5C /* 9.JPG */; };
		38AEA8FA18EAEBAF00529F5C /* 10.JPG in Resources */ = {isa = PBXBuildFile; fileRef = 38AEA8F718EAEBAF00529F5C /* 10.JPG */; };
		38AEA8FB18EAEBAF00529F5C /* 26.JPG in Resources */ = {isa = PBXBuildFile; fileRef = 38AEA8F818EAEBAF00529F5C /* 26.JPG */; };
/* End PBXBuildFile section */

/* Begin PBXContainerItemProxy section */
		38AEA8E418EAEB8600529F5C /* PBXContainerItemProxy */ = {
			isa = PBXContainerItemProxy;
			containerPortal = 38AEA8BC18EAEB8600529F5C /* Project object */;
			proxyType = 1;
			remoteGlobalIDString = 38AEA8C318EAEB8600529F5C;
			remoteInfo = WindowSubViewEx2;
		};
/* End PBXContainerItemProxy section */

/* Begin PBXFileReference section */
		38AEA8C418EAEB8600529F5C /* WindowSubViewEx2.app */ = {isa = PBXFileReference; explicitFileType = wrapper.application; includeInIndex = 0; path = WindowSubViewEx2.app; sourceTree = BUILT_PRODUCTS_DIR; };
		38AEA8C718EAEB8600529F5C /* Foundation.framework */ = {isa = PBXFileReference; lastKnownFileType = wrapper.framework; name = Foundation.framework; path = System/Library/Frameworks/Foundation.framework; sourceTree = SDKROOT; };
		38AEA8C918EAEB8600529F5C /* CoreGraphics.framework */ = {isa = PBXFileReference; lastKnownFileType = wrapper.framework; name = CoreGraphics.framework; path = System/Library/Frameworks/CoreGraphics.framework; sourceTree = SDKROOT; };
		38AEA8CB18EAEB8600529F5C /* UIKit.framework */ = {isa = PBXFileReference; lastKnownFileType = wrapper.framework; name = UIKit.framework; path = System/Library/Frameworks/UIKit.framework; sourceTree = SDKROOT; };
		38AEA8CF18EAEB8600529F5C /* WindowSubViewEx2-Info.plist */ = {isa = PBXFileReference; lastKnownFileType = text.plist.xml; path = "WindowSubViewEx2-Info.plist"; sourceTree = "<group>"; };
		38AEA8D118EAEB8600529F5C /* en */ = {isa = PBXFileReference; lastKnownFileType = text.plist.strings; name = en; path = en.lproj/InfoPlist.strings; sourceTree = "<group>"; };
		38AEA8D318EAEB8600529F5C /* main.m */ = {isa = PBXFileReference; lastKnownFileType = sourcecode.c.objc; path = main.m; sourceTree = "<group>"; };
		38AEA8D518EAEB8600529F5C /* WindowSubViewEx2-Prefix.pch */ = {isa = PBXFileReference; lastKnownFileType = sourcecode.c.h; path = "WindowSubViewEx2-Prefix.pch"; sourceTree = "<group>"; };
		38AEA8D618EAEB8600529F5C /* AppDelegate.h */ = {isa = PBXFileReference; lastKnownFileType = sourcecode.c.h; path = AppDelegate.h; sourceTree = "<group>"; };
		38AEA8D718EAEB8600529F5C /* AppDelegate.m */ = {isa = PBXFileReference; lastKnownFileType = sourcecode.c.objc; path = AppDelegate.m; sourceTree = "<group>"; };
		38AEA8D918EAEB8600529F5C /* Images.xcassets */ = {isa = PBXFileReference; lastKnownFileType = folder.assetcatalog; path = Images.xcassets; sourceTree = "<group>"; };
		38AEA8DF18EAEB8600529F5C /* WindowSubViewEx2Tests.xctest */ = {isa = PBXFileReference; explicitFileType = wrapper.cfbundle; includeInIndex = 0; path = WindowSubViewEx2Tests.xctest; sourceTree = BUILT_PRODUCTS_DIR; };
		38AEA8E018EAEB8600529F5C /* XCTest.framework */ = {isa = PBXFileReference; lastKnownFileType = wrapper.framework; name = XCTest.framework; path = Library/Frameworks/XCTest.framework; sourceTree = DEVELOPER_DIR; };
		38AEA8E818EAEB8600529F5C /* WindowSubViewEx2Tests-Info.plist */ = {isa = PBXFileReference; lastKnownFileType = text.plist.xml; path = "WindowSubViewEx2Tests-Info.plist"; sourceTree = "<group>"; };
		38AEA8EA18EAEB8600529F5C /* en */ = {isa = PBXFileReference; lastKnownFileType = text.plist.strings; name = en; path = en.lproj/InfoPlist.strings; sourceTree = "<group>"; };
		38AEA8EC18EAEB8600529F5C /* WindowSubViewEx2Tests.m */ = {isa = PBXFileReference; lastKnownFileType = sourcecode.c.objc; path = WindowSubViewEx2Tests.m; sourceTree = "<group>"; };
		38AEA8F618EAEBAF00529F5C /* 9.JPG */ = {isa = PBXFileReference; lastKnownFileType = image.jpeg; path = 9.JPG; sourceTree = "<group>"; };
		38AEA8F718EAEBAF00529F5C /* 10.JPG */ = {isa = PBXFileReference; lastKnownFileType = image.jpeg; path = 10.JPG; sourceTree = "<group>"; };
		38AEA8F818EAEBAF00529F5C /* 26.JPG */ = {isa = PBXFileReference; lastKnownFileType = image.jpeg; path = 26.JPG; sourceTree = "<group>"; };
/* End PBXFileReference section */

/* Begin PBXFrameworksBuildPhase section */
		38AEA8C118EAEB8600529F5C /* Frameworks */ = {
			isa = PBXFrameworksBuildPhase;
			buildActionMask = 2147483647;
			files = (
				38AEA8CA18EAEB8600529F5C /* CoreGraphics.framework in Frameworks */,
				38AEA8CC18EAEB8600529F5C /* UIKit.framework in Frameworks */,
				38AEA8C818EAEB8600529F5C /* Foundation.framework in Frameworks */,
			);
			runOnlyForDeploymentPostprocessing = 0;
		};
		38AEA8DC18EAEB8600529F5C /* Frameworks */ = {
			isa = PBXFrameworksBuildPhase;
			buildActionMask = 2147483647;
			files = (
				38AEA8E118EAEB8600529F5C /* XCTest.framework in Frameworks */,
				38AEA8E318EAEB8600529F5C /* UIKit.framework in Frameworks */,
				38AEA8E218EAEB8600529F5C /* Foundation.framework in Frameworks */,
			);
			runOnlyForDeploymentPostprocessing = 0;
		};
/* End PBXFrameworksBuildPhase section */

/* Begin PBXGroup section */
		38AEA8BB18EAEB8600529F5C = {
			isa = PBXGroup;
			children = (
				38AEA8CD18EAEB8600529F5C /* WindowSubViewEx2 */,
				38AEA8E618EAEB8600529F5C /* WindowSubViewEx2Tests */,
				38AEA8C618EAEB8600529F5C /* Frameworks */,
				38AEA8C518EAEB8600529F5C /* Products */,
			);
			sourceTree = "<group>";
		};
		38AEA8C518EAEB8600529F5C /* Products */ = {
			isa = PBXGroup;
			children = (
				38AEA8C418EAEB8600529F5C /* WindowSubViewEx2.app */,
				38AEA8DF18EAEB8600529F5C /* WindowSubViewEx2Tests.xctest */,
			);
			name = Products;
			sourceTree = "<group>";
		};
		38AEA8C618EAEB8600529F5C /* Frameworks */ = {
			isa = PBXGroup;
			children = (
				38AEA8C718EAEB8600529F5C /* Foundation.framework */,
				38AEA8C918EAEB8600529F5C /* CoreGraphics.framework */,
				38AEA8CB18EAEB8600529F5C /* UIKit.framework */,
				38AEA8E018EAEB8600529F5C /* XCTest.framework */,
			);
			name = Frameworks;
			sourceTree = "<group>";
		};
		38AEA8CD18EAEB8600529F5C /* WindowSubViewEx2 */ = {
			isa = PBXGroup;
			children = (
				38AEA8F618EAEBAF00529F5C /* 9.JPG */,
				38AEA8F718EAEBAF00529F5C /* 10.JPG */,
				38AEA8F818EAEBAF00529F5C /* 26.JPG */,
				38AEA8D618EAEB8600529F5C /* AppDelegate.h */,
				38AEA8D718EAEB8600529F5C /* AppDelegate.m */,
				38AEA8D918EAEB8600529F5C /* Images.xcassets */,
				38AEA8CE18EAEB8600529F5C /* Supporting Files */,
			);
			path = WindowSubViewEx2;
			sourceTree = "<group>";
		};
		38AEA8CE18EAEB8600529F5C /* Supporting Files */ = {
			isa = PBXGroup;
			children = (
				38AEA8CF18EAEB8600529F5C /* WindowSubViewEx2-Info.plist */,
				38AEA8D018EAEB8600529F5C /* InfoPlist.strings */,
				38AEA8D318EAEB8600529F5C /* main.m */,
				38AEA8D518EAEB8600529F5C /* WindowSubViewEx2-Prefix.pch */,
			);
			name = "Supporting Files";
			sourceTree = "<group>";
		};
		38AEA8E618EAEB8600529F5C /* WindowSubViewEx2Tests */ = {
			isa = PBXGroup;
			children = (
				38AEA8EC18EAEB8600529F5C /* WindowSubViewEx2Tests.m */,
				38AEA8E718EAEB8600529F5C /* Supporting Files */,
			);
			path = WindowSubViewEx2Tests;
			sourceTree = "<group>";
		};
		38AEA8E718EAEB8600529F5C /* Supporting Files */ = {
			isa = PBXGroup;
			children = (
				38AEA8E818EAEB8600529F5C /* WindowSubViewEx2Tests-Info.plist */,
				38AEA8E918EAEB8600529F5C /* InfoPlist.strings */,
			);
			name = "Supporting Files";
			sourceTree = "<group>";
		};
/* End PBXGroup section */

/* Begin PBXNativeTarget section */
		38AEA8C318EAEB8600529F5C /* WindowSubViewEx2 */ = {
			isa = PBXNativeTarget;
			buildConfigurationList = 38AEA8F018EAEB8600529F5C /* Build configuration list for PBXNativeTarget "WindowSubViewEx2" */;
			buildPhases = (
				38AEA8C018EAEB8600529F5C /* Sources */,
				38AEA8C118EAEB8600529F5C /* Frameworks */,
				38AEA8C218EAEB8600529F5C /* Resources */,
			);
			buildRules = (
			);
			dependencies = (
			);
			name = WindowSubViewEx2;
			productName = WindowSubViewEx2;
			productReference = 38AEA8C418EAEB8600529F5C /* WindowSubViewEx2.app */;
			productType = "com.apple.product-type.application";
		};
		38AEA8DE18EAEB8600529F5C /* WindowSubViewEx2Tests */ = {
			isa = PBXNativeTarget;
			buildConfigurationList = 38AEA8F318EAEB8600529F5C /* Build configuration list for PBXNativeTarget "WindowSubViewEx2Tests" */;
			buildPhases = (
				38AEA8DB18EAEB8600529F5C /* Sources */,
				38AEA8DC18EAEB8600529F5C /* Frameworks */,
				38AEA8DD18EAEB8600529F5C /* Resources */,
			);
			buildRules = (
			);
			dependencies = (
				38AEA8E518EAEB8600529F5C /* PBXTargetDependency */,
			);
			name = WindowSubViewEx2Tests;
			productName = WindowSubViewEx2Tests;
			productReference = 38AEA8DF18EAEB8600529F5C /* WindowSubViewEx2Tests.xctest */;
			productType = "com.apple.product-type.bundle.unit-test";
		};
/* End PBXNativeTarget section */

/* Begin PBXProject section */
		38AEA8BC18EAEB8600529F5C /* Project object */ = {
			isa = PBXProject;
			attributes = {
				LastUpgradeCheck = 0510;
				ORGANIZATIONNAME = "저녁반";
				TargetAttributes = {
					38AEA8DE18EAEB8600529F5C = {
						TestTargetID = 38AEA8C318EAEB8600529F5C;
					};
				};
			};
			buildConfigurationList = 38AEA8BF18EAEB8600529F5C /* Build configuration list for PBXProject "WindowSubViewEx2" */;
			compatibilityVersion = "Xcode 3.2";
			developmentRegion = English;
			hasScannedForEncodings = 0;
			knownRegions = (
				en,
			);
			mainGroup = 38AEA8BB18EAEB8600529F5C;
			productRefGroup = 38AEA8C518EAEB8600529F5C /* Products */;
			projectDirPath = "";
			projectRoot = "";
			targets = (
				38AEA8C318EAEB8600529F5C /* WindowSubViewEx2 */,
				38AEA8DE18EAEB8600529F5C /* WindowSubViewEx2Tests */,
			);
		};
/* End PBXProject section */

/* Begin PBXResourcesBuildPhase section */
		38AEA8C218EAEB8600529F5C /* Resources */ = {
			isa = PBXResourcesBuildPhase;
			buildActionMask = 2147483647;
			files = (
				38AEA8FB18EAEBAF00529F5C /* 26.JPG in Resources */,
				38AEA8F918EAEBAF00529F5C /* 9.JPG in Resources */,
				38AEA8D218EAEB8600529F5C /* InfoPlist.strings in Resources */,
				38AEA8FA18EAEBAF00529F5C /* 10.JPG in Resources */,
				38AEA8DA18EAEB8600529F5C /* Images.xcassets in Resources */,
			);
			runOnlyForDeploymentPostprocessing = 0;
		};
		38AEA8DD18EAEB8600529F5C /* Resources */ = {
			isa = PBXResourcesBuildPhase;
			buildActionMask = 2147483647;
			files = (
				38AEA8EB18EAEB8600529F5C /* InfoPlist.strings in Resources */,
			);
			runOnlyForDeploymentPostprocessing = 0;
		};
/* End PBXResourcesBuildPhase section */

/* Begin PBXSourcesBuildPhase section */
		38AEA8C018EAEB8600529F5C /* Sources */ = {
			isa = PBXSourcesBuildPhase;
			buildActionMask = 2147483647;
			files = (
				38AEA8D818EAEB8600529F5C /* AppDelegate.m in Sources */,
				38AEA8D418EAEB8600529F5C /* main.m in Sources */,
			);
			runOnlyForDeploymentPostprocessing = 0;
		};
		38AEA8DB18EAEB8600529F5C /* Sources */ = {
			isa = PBXSourcesBuildPhase;
			buildActionMask = 2147483647;
			files = (
				38AEA8ED18EAEB8600529F5C /* WindowSubViewEx2Tests.m in Sources */,
			);
			runOnlyForDeploymentPostprocessing = 0;
		};
/* End PBXSourcesBuildPhase section */

/* Begin PBXTargetDependency section */
		38AEA8E518EAEB8600529F5C /* PBXTargetDependency */ = {
			isa = PBXTargetDependency;
			target = 38AEA8C318EAEB8600529F5C /* WindowSubViewEx2 */;
			targetProxy = 38AEA8E418EAEB8600529F5C /* PBXContainerItemProxy */;
		};
/* End PBXTargetDependency section */

/* Begin PBXVariantGroup section */
		38AEA8D018EAEB8600529F5C /* InfoPlist.strings */ = {
			isa = PBXVariantGroup;
			children = (
				38AEA8D118EAEB8600529F5C /* en */,
			);
			name = InfoPlist.strings;
			sourceTree = "<group>";
		};
		38AEA8E918EAEB8600529F5C /* InfoPlist.strings */ = {
			isa = PBXVariantGroup;
			children = (
				38AEA8EA18EAEB8600529F5C /* en */,
			);
			name = InfoPlist.strings;
			sourceTree = "<group>";
		};
/* End PBXVariantGroup section */

/* Begin XCBuildConfiguration section */
		38AEA8EE18EAEB8600529F5C /* Debug */ = {
			isa = XCBuildConfiguration;
			buildSettings = {
				ALWAYS_SEARCH_USER_PATHS = NO;
				CLANG_CXX_LANGUAGE_STANDARD = "gnu++0x";
				CLANG_CXX_LIBRARY = "libc++";
				CLANG_ENABLE_MODULES = YES;
				CLANG_ENABLE_OBJC_ARC = YES;
				CLANG_WARN_BOOL_CONVERSION = YES;
				CLANG_WARN_CONSTANT_CONVERSION = YES;
				CLANG_WARN_DIRECT_OBJC_ISA_USAGE = YES_ERROR;
				CLANG_WARN_EMPTY_BODY = YES;
				CLANG_WARN_ENUM_CONVERSION = YES;
				CLANG_WARN_INT_CONVERSION = YES;
				CLANG_WARN_OBJC_ROOT_CLASS = YES_ERROR;
				CLANG_WARN__DUPLICATE_METHOD_MATCH = YES;
				"CODE_SIGN_IDENTITY[sdk=iphoneos*]" = "iPhone Developer";
				COPY_PHASE_STRIP = NO;
				GCC_C_LANGUAGE_STANDARD = gnu99;
				GCC_DYNAMIC_NO_PIC = NO;
				GCC_OPTIMIZATION_LEVEL = 0;
				GCC_PREPROCESSOR_DEFINITIONS = (
					"DEBUG=1",
					"$(inherited)",
				);
				GCC_SYMBOLS_PRIVATE_EXTERN = NO;
				GCC_WARN_64_TO_32_BIT_CONVERSION = YES;
				GCC_WARN_ABOUT_RETURN_TYPE = YES_ERROR;
				GCC_WARN_UNDECLARED_SELECTOR = YES;
				GCC_WARN_UNINITIALIZED_AUTOS = YES_AGGRESSIVE;
				GCC_WARN_UNUSED_FUNCTION = YES;
				GCC_WARN_UNUSED_VARIABLE = YES;
				IPHONEOS_DEPLOYMENT_TARGET = 7.1;
				ONLY_ACTIVE_ARCH = YES;
				SDKROOT = iphoneos;
			};
			name = Debug;
		};
		38AEA8EF18EAEB8600529F5C /* Release */ = {
			isa = XCBuildConfiguration;
			buildSettings = {
				ALWAYS_SEARCH_USER_PATHS = NO;
				CLANG_CXX_LANGUAGE_STANDARD = "gnu++0x";
				CLANG_CXX_LIBRARY = "libc++";
				CLANG_ENABLE_MODULES = YES;
				CLANG_ENABLE_OBJC_ARC = YES;
				CLANG_WARN_BOOL_CONVERSION = YES;
				CLANG_WARN_CONSTANT_CONVERSION = YES;
				CLANG_WARN_DIRECT_OBJC_ISA_USAGE = YES_ERROR;
				CLANG_WARN_EMPTY_BODY = YES;
				CLANG_WARN_ENUM_CONVERSION = YES;
				CLANG_WARN_INT_CONVERSION = YES;
				CLANG_WARN_OBJC_ROOT_CLASS = YES_ERROR;
				CLANG_WARN__DUPLICATE_METHOD_MATCH = YES;
				"CODE_SIGN_IDENTITY[sdk=iphoneos*]" = "iPhone Developer";
				COPY_PHASE_STRIP = YES;
				ENABLE_NS_ASSERTIONS = NO;
				GCC_C_LANGUAGE_STANDARD = gnu99;
				GCC_WARN_64_TO_32_BIT_CONVERSION = YES;
				GCC_WARN_ABOUT_RETURN_TYPE = YES_ERROR;
				GCC_WARN_UNDECLARED_SELECTOR = YES;
				GCC_WARN_UNINITIALIZED_AUTOS = YES_AGGRESSIVE;
				GCC_WARN_UNUSED_FUNCTION = YES;
				GCC_WARN_UNUSED_VARIABLE = YES;
				IPHONEOS_DEPLOYMENT_TARGET = 7.1;
				SDKROOT = iphoneos;
				VALIDATE_PRODUCT = YES;
			};
			name = Release;
		};
		38AEA8F118EAEB8600529F5C /* Debug */ = {
			isa = XCBuildConfiguration;
			buildSettings = {
				ASSETCATALOG_COMPILER_APPICON_NAME = AppIcon;
				ASSETCATALOG_COMPILER_LAUNCHIMAGE_NAME = LaunchImage;
				GCC_PRECOMPILE_PREFIX_HEADER = YES;
				GCC_PREFIX_HEADER = "WindowSubViewEx2/WindowSubViewEx2-Prefix.pch";
				INFOPLIST_FILE = "WindowSubViewEx2/WindowSubViewEx2-Info.plist";
				IPHONEOS_DEPLOYMENT_TARGET = 6.1;
				PRODUCT_NAME = "$(TARGET_NAME)";
				WRAPPER_EXTENSION = app;
			};
			name = Debug;
		};
		38AEA8F218EAEB8600529F5C /* Release */ = {
			isa = XCBuildConfiguration;
			buildSettings = {
				ASSETCATALOG_COMPILER_APPICON_NAME = AppIcon;
				ASSETCATALOG_COMPILER_LAUNCHIMAGE_NAME = LaunchImage;
				GCC_PRECOMPILE_PREFIX_HEADER = YES;
				GCC_PREFIX_HEADER = "WindowSubViewEx2/WindowSubViewEx2-Prefix.pch";
				INFOPLIST_FILE = "WindowSubViewEx2/WindowSubViewEx2-Info.plist";
				IPHONEOS_DEPLOYMENT_TARGET = 6.1;
				PRODUCT_NAME = "$(TARGET_NAME)";
				WRAPPER_EXTENSION = app;
			};
			name = Release;
		};
		38AEA8F418EAEB8600529F5C /* Debug */ = {
			isa = XCBuildConfiguration;
			buildSettings = {
				BUNDLE_LOADER = "$(BUILT_PRODUCTS_DIR)/WindowSubViewEx2.app/WindowSubViewEx2";
				FRAMEWORK_SEARCH_PATHS = (
					"$(SDKROOT)/Developer/Library/Frameworks",
					"$(inherited)",
					"$(DEVELOPER_FRAMEWORKS_DIR)",
				);
				GCC_PRECOMPILE_PREFIX_HEADER = YES;
				GCC_PREFIX_HEADER = "WindowSubViewEx2/WindowSubViewEx2-Prefix.pch";
				GCC_PREPROCESSOR_DEFINITIONS = (
					"DEBUG=1",
					"$(inherited)",
				);
				INFOPLIST_FILE = "WindowSubViewEx2Tests/WindowSubViewEx2Tests-Info.plist";
				PRODUCT_NAME = "$(TARGET_NAME)";
				TEST_HOST = "$(BUNDLE_LOADER)";
				WRAPPER_EXTENSION = xctest;
			};
			name = Debug;
		};
		38AEA8F518EAEB8600529F5C /* Release */ = {
			isa = XCBuildConfiguration;
			buildSettings = {
				BUNDLE_LOADER = "$(BUILT_PRODUCTS_DIR)/WindowSubViewEx2.app/WindowSubViewEx2";
				FRAMEWORK_SEARCH_PATHS = (
					"$(SDKROOT)/Developer/Library/Frameworks",
					"$(inherited)",
					"$(DEVELOPER_FRAMEWORKS_DIR)",
				);
				GCC_PRECOMPILE_PREFIX_HEADER = YES;
				GCC_PREFIX_HEADER = "WindowSubViewEx2/WindowSubViewEx2-Prefix.pch";
				INFOPLIST_FILE = "WindowSubViewEx2Tests/WindowSubViewEx2Tests-Info.plist";
				PRODUCT_NAME = "$(TARGET_NAME)";
				TEST_HOST = "$(BUNDLE_LOADER)";
				WRAPPER_EXTENSION = xctest;
			};
			name = Release;
		};
/* End XCBuildConfiguration section */

/* Begin XCConfigurationList section */
		38AEA8BF18EAEB8600529F5C /* Build configuration list for PBXProject "WindowSubViewEx2" */ = {
			isa = XCConfigurationList;
			buildConfigurations = (
				38AEA8EE18EAEB8600529F5C /* Debug */,
				38AEA8EF18EAEB8600529F5C /* Release */,
			);
			defaultConfigurationIsVisible = 0;
			defaultConfigurationName = Release;
		};
		38AEA8F018EAEB8600529F5C /* Build configuration list for PBXNativeTarget "WindowSubViewEx2" */ = {
			isa = XCConfigurationList;
			buildConfigurations = (
				38AEA8F118EAEB8600529F5C /* Debug */,
				38AEA8F218EAEB8600529F5C /* Release */,
			);
			defaultConfigurationIsVisible = 0;
			defaultConfigurationName = Release;
		};
		38AEA8F318EAEB8600529F5C /* Build configuration list for PBXNativeTarget "WindowSubViewEx2Tests" */ = {
			isa = XCConfigurationList;
			buildConfigurations = (
				38AEA8F418EAEB8600529F5C /* Debug */,
				38AEA8F518EAEB8600529F5C /* Release */,
			);
			defaultConfigurationIsVisible = 0;
			defaultConfigurationName = Release;
		};
/* End XCConfigurationList section */
	};
	rootObject = 38AEA8BC18EAEB8600529F5C /* Project object */;
}
